// !$*UTF8*$!
{
	archiveVersion = 1;
	classes = {
	};
	objectVersion = 56;
	objects = {

/* Begin PBXBuildFile section */
		B313EEB32B5C4C93002AE8CE /* HabitMePrototypeApp.swift in Sources */ = {isa = PBXBuildFile; fileRef = B313EEB22B5C4C93002AE8CE /* HabitMePrototypeApp.swift */; };
		B313EEB52B5C4C93002AE8CE /* ContentView.swift in Sources */ = {isa = PBXBuildFile; fileRef = B313EEB42B5C4C93002AE8CE /* ContentView.swift */; };
		B313EEB72B5C4C99002AE8CE /* Assets.xcassets in Resources */ = {isa = PBXBuildFile; fileRef = B313EEB62B5C4C99002AE8CE /* Assets.xcassets */; };
		B313EEBA2B5C4C99002AE8CE /* Preview Assets.xcassets in Resources */ = {isa = PBXBuildFile; fileRef = B313EEB92B5C4C99002AE8CE /* Preview Assets.xcassets */; };
		B32947A22B5FFD36007C8C1E /* UIColor+Hex.swift in Sources */ = {isa = PBXBuildFile; fileRef = B32947A12B5FFD36007C8C1E /* UIColor+Hex.swift */; };
		B32947A42B601CD3007C8C1E /* HabitDetailView.swift in Sources */ = {isa = PBXBuildFile; fileRef = B32947A32B601CD3007C8C1E /* HabitDetailView.swift */; };
		B32947A62B606713007C8C1E /* SwiftDataHabitRepository.swift in Sources */ = {isa = PBXBuildFile; fileRef = B32947A52B606713007C8C1E /* SwiftDataHabitRepository.swift */; };
		B32947A82B61E0E1007C8C1E /* DayView.swift in Sources */ = {isa = PBXBuildFile; fileRef = B32947A72B61E0E1007C8C1E /* DayView.swift */; };
		B32947AA2B61E848007C8C1E /* DateFormatter+Reusable.swift in Sources */ = {isa = PBXBuildFile; fileRef = B32947A92B61E848007C8C1E /* DateFormatter+Reusable.swift */; };
		B3C97F082B5CE6F400211B4C /* HabitRepository.xcdatamodeld in Sources */ = {isa = PBXBuildFile; fileRef = B3C97F062B5CE6F300211B4C /* HabitRepository.xcdatamodeld */; };
		B3C97F0D2B5CE7BC00211B4C /* ManagedHabitRecord.swift in Sources */ = {isa = PBXBuildFile; fileRef = B3C97F092B5CE7BC00211B4C /* ManagedHabitRecord.swift */; };
		B3C97F0F2B5CE7BC00211B4C /* ManagedHabit.swift in Sources */ = {isa = PBXBuildFile; fileRef = B3C97F0B2B5CE7BC00211B4C /* ManagedHabit.swift */; };
		B3C97F132B5CE82C00211B4C /* CoreDataHabitRepository.swift in Sources */ = {isa = PBXBuildFile; fileRef = B3C97F122B5CE82C00211B4C /* CoreDataHabitRepository.swift */; };
		B3C97F172B5CE85C00211B4C /* InMemoryHabitRepository.swift in Sources */ = {isa = PBXBuildFile; fileRef = B3C97F162B5CE85C00211B4C /* InMemoryHabitRepository.swift */; };
		B3C97F192B5CE87200211B4C /* HabitRepository.swift in Sources */ = {isa = PBXBuildFile; fileRef = B3C97F182B5CE87200211B4C /* HabitRepository.swift */; };
		B3C97F1D2B5CE8AD00211B4C /* Habit.swift in Sources */ = {isa = PBXBuildFile; fileRef = B3C97F1C2B5CE8AD00211B4C /* Habit.swift */; };
		B3C97F1F2B5CE8C900211B4C /* HabitRecord.swift in Sources */ = {isa = PBXBuildFile; fileRef = B3C97F1E2B5CE8C900211B4C /* HabitRecord.swift */; };
		B3C97F232B5CE92E00211B4C /* HabitsOnDate.swift in Sources */ = {isa = PBXBuildFile; fileRef = B3C97F222B5CE92E00211B4C /* HabitsOnDate.swift */; };
		B3C97F262B5CE95000211B4C /* BarView.swift in Sources */ = {isa = PBXBuildFile; fileRef = B3C97F252B5CE95000211B4C /* BarView.swift */; };
		B3C97F282B5CE97500211B4C /* HabitsMenu.swift in Sources */ = {isa = PBXBuildFile; fileRef = B3C97F272B5CE97500211B4C /* HabitsMenu.swift */; };
		B3C97F2A2B5CE99200211B4C /* HomeView.swift in Sources */ = {isa = PBXBuildFile; fileRef = B3C97F292B5CE99200211B4C /* HomeView.swift */; };
		B3C97F2C2B5CE9CB00211B4C /* CreateHabitView.swift in Sources */ = {isa = PBXBuildFile; fileRef = B3C97F2B2B5CE9CB00211B4C /* CreateHabitView.swift */; };
		B3CC60AD2B5EA94A0074ED41 /* DataHabit.swift in Sources */ = {isa = PBXBuildFile; fileRef = B3CC60AC2B5EA94A0074ED41 /* DataHabit.swift */; };
/* End PBXBuildFile section */

/* Begin PBXFileReference section */
		B313EEAF2B5C4C93002AE8CE /* HabitMePrototype.app */ = {isa = PBXFileReference; explicitFileType = wrapper.application; includeInIndex = 0; path = HabitMePrototype.app; sourceTree = BUILT_PRODUCTS_DIR; };
		B313EEB22B5C4C93002AE8CE /* HabitMePrototypeApp.swift */ = {isa = PBXFileReference; lastKnownFileType = sourcecode.swift; path = HabitMePrototypeApp.swift; sourceTree = "<group>"; };
		B313EEB42B5C4C93002AE8CE /* ContentView.swift */ = {isa = PBXFileReference; lastKnownFileType = sourcecode.swift; path = ContentView.swift; sourceTree = "<group>"; };
		B313EEB62B5C4C99002AE8CE /* Assets.xcassets */ = {isa = PBXFileReference; lastKnownFileType = folder.assetcatalog; path = Assets.xcassets; sourceTree = "<group>"; };
		B313EEB92B5C4C99002AE8CE /* Preview Assets.xcassets */ = {isa = PBXFileReference; lastKnownFileType = folder.assetcatalog; path = "Preview Assets.xcassets"; sourceTree = "<group>"; };
		B32947A12B5FFD36007C8C1E /* UIColor+Hex.swift */ = {isa = PBXFileReference; lastKnownFileType = sourcecode.swift; path = "UIColor+Hex.swift"; sourceTree = "<group>"; };
		B32947A32B601CD3007C8C1E /* HabitDetailView.swift */ = {isa = PBXFileReference; lastKnownFileType = sourcecode.swift; path = HabitDetailView.swift; sourceTree = "<group>"; };
		B32947A52B606713007C8C1E /* SwiftDataHabitRepository.swift */ = {isa = PBXFileReference; lastKnownFileType = sourcecode.swift; path = SwiftDataHabitRepository.swift; sourceTree = "<group>"; };
		B32947A72B61E0E1007C8C1E /* DayView.swift */ = {isa = PBXFileReference; lastKnownFileType = sourcecode.swift; path = DayView.swift; sourceTree = "<group>"; };
		B32947A92B61E848007C8C1E /* DateFormatter+Reusable.swift */ = {isa = PBXFileReference; lastKnownFileType = sourcecode.swift; path = "DateFormatter+Reusable.swift"; sourceTree = "<group>"; };
		B3C97F072B5CE6F300211B4C /* HabitRepository.xcdatamodel */ = {isa = PBXFileReference; lastKnownFileType = wrapper.xcdatamodel; path = HabitRepository.xcdatamodel; sourceTree = "<group>"; };
		B3C97F092B5CE7BC00211B4C /* ManagedHabitRecord.swift */ = {isa = PBXFileReference; lastKnownFileType = sourcecode.swift; path = ManagedHabitRecord.swift; sourceTree = "<group>"; };
		B3C97F0B2B5CE7BC00211B4C /* ManagedHabit.swift */ = {isa = PBXFileReference; lastKnownFileType = sourcecode.swift; path = ManagedHabit.swift; sourceTree = "<group>"; };
		B3C97F122B5CE82C00211B4C /* CoreDataHabitRepository.swift */ = {isa = PBXFileReference; lastKnownFileType = sourcecode.swift; path = CoreDataHabitRepository.swift; sourceTree = "<group>"; };
		B3C97F162B5CE85C00211B4C /* InMemoryHabitRepository.swift */ = {isa = PBXFileReference; lastKnownFileType = sourcecode.swift; path = InMemoryHabitRepository.swift; sourceTree = "<group>"; };
		B3C97F182B5CE87200211B4C /* HabitRepository.swift */ = {isa = PBXFileReference; lastKnownFileType = sourcecode.swift; path = HabitRepository.swift; sourceTree = "<group>"; };
		B3C97F1C2B5CE8AD00211B4C /* Habit.swift */ = {isa = PBXFileReference; lastKnownFileType = sourcecode.swift; path = Habit.swift; sourceTree = "<group>"; };
		B3C97F1E2B5CE8C900211B4C /* HabitRecord.swift */ = {isa = PBXFileReference; lastKnownFileType = sourcecode.swift; path = HabitRecord.swift; sourceTree = "<group>"; };
		B3C97F222B5CE92E00211B4C /* HabitsOnDate.swift */ = {isa = PBXFileReference; lastKnownFileType = sourcecode.swift; path = HabitsOnDate.swift; sourceTree = "<group>"; };
		B3C97F252B5CE95000211B4C /* BarView.swift */ = {isa = PBXFileReference; lastKnownFileType = sourcecode.swift; path = BarView.swift; sourceTree = "<group>"; };
		B3C97F272B5CE97500211B4C /* HabitsMenu.swift */ = {isa = PBXFileReference; lastKnownFileType = sourcecode.swift; path = HabitsMenu.swift; sourceTree = "<group>"; };
		B3C97F292B5CE99200211B4C /* HomeView.swift */ = {isa = PBXFileReference; lastKnownFileType = sourcecode.swift; path = HomeView.swift; sourceTree = "<group>"; };
		B3C97F2B2B5CE9CB00211B4C /* CreateHabitView.swift */ = {isa = PBXFileReference; lastKnownFileType = sourcecode.swift; path = CreateHabitView.swift; sourceTree = "<group>"; };
		B3CC60AC2B5EA94A0074ED41 /* DataHabit.swift */ = {isa = PBXFileReference; lastKnownFileType = sourcecode.swift; path = DataHabit.swift; sourceTree = "<group>"; };
/* End PBXFileReference section */

/* Begin PBXFrameworksBuildPhase section */
		B313EEAC2B5C4C93002AE8CE /* Frameworks */ = {
			isa = PBXFrameworksBuildPhase;
			buildActionMask = 2147483647;
			files = (
			);
			runOnlyForDeploymentPostprocessing = 0;
		};
/* End PBXFrameworksBuildPhase section */

/* Begin PBXGroup section */
		B313EEA62B5C4C93002AE8CE = {
			isa = PBXGroup;
			children = (
				B313EEB12B5C4C93002AE8CE /* HabitMePrototype */,
				B313EEB02B5C4C93002AE8CE /* Products */,
			);
			sourceTree = "<group>";
		};
		B313EEB02B5C4C93002AE8CE /* Products */ = {
			isa = PBXGroup;
			children = (
				B313EEAF2B5C4C93002AE8CE /* HabitMePrototype.app */,
			);
			name = Products;
			sourceTree = "<group>";
		};
		B313EEB12B5C4C93002AE8CE /* HabitMePrototype */ = {
			isa = PBXGroup;
			children = (
				B3C97F2E2B5CEA4B00211B4C /* Supporting Files */,
				B3C97F1A2B5CE88600211B4C /* HabitRepository */,
				B3C97F202B5CE8FA00211B4C /* iOSHabitMe */,
				B3C97F2D2B5CEA2500211B4C /* HabitMeComposition */,
			);
			path = HabitMePrototype;
			sourceTree = "<group>";
		};
		B313EEB82B5C4C99002AE8CE /* Preview Content */ = {
			isa = PBXGroup;
			children = (
				B313EEB92B5C4C99002AE8CE /* Preview Assets.xcassets */,
			);
			path = "Preview Content";
			sourceTree = "<group>";
		};
		B3C97F112B5CE81300211B4C /* CoreData */ = {
			isa = PBXGroup;
			children = (
				B3C97F092B5CE7BC00211B4C /* ManagedHabitRecord.swift */,
				B3C97F0B2B5CE7BC00211B4C /* ManagedHabit.swift */,
				B3C97F122B5CE82C00211B4C /* CoreDataHabitRepository.swift */,
				B3C97F062B5CE6F300211B4C /* HabitRepository.xcdatamodeld */,
			);
			path = CoreData;
			sourceTree = "<group>";
		};
		B3C97F142B5CE83600211B4C /* Cache */ = {
			isa = PBXGroup;
			children = (
				B3CC60AB2B5EA9380074ED41 /* SwiftData */,
				B3C97F152B5CE84500211B4C /* InMemory */,
				B3C97F112B5CE81300211B4C /* CoreData */,
			);
			path = Cache;
			sourceTree = "<group>";
		};
		B3C97F152B5CE84500211B4C /* InMemory */ = {
			isa = PBXGroup;
			children = (
				B3C97F162B5CE85C00211B4C /* InMemoryHabitRepository.swift */,
			);
			path = InMemory;
			sourceTree = "<group>";
		};
		B3C97F1A2B5CE88600211B4C /* HabitRepository */ = {
			isa = PBXGroup;
			children = (
				B3C97F182B5CE87200211B4C /* HabitRepository.swift */,
				B3C97F1B2B5CE89C00211B4C /* Models */,
				B3C97F142B5CE83600211B4C /* Cache */,
			);
			path = HabitRepository;
			sourceTree = "<group>";
		};
		B3C97F1B2B5CE89C00211B4C /* Models */ = {
			isa = PBXGroup;
			children = (
				B3C97F1C2B5CE8AD00211B4C /* Habit.swift */,
				B3C97F1E2B5CE8C900211B4C /* HabitRecord.swift */,
			);
			path = Models;
			sourceTree = "<group>";
		};
		B3C97F202B5CE8FA00211B4C /* iOSHabitMe */ = {
			isa = PBXGroup;
			children = (
				B3C97F242B5CE94500211B4C /* Views */,
				B3C97F212B5CE91500211B4C /* Models */,
				B32947A12B5FFD36007C8C1E /* UIColor+Hex.swift */,
				B32947A92B61E848007C8C1E /* DateFormatter+Reusable.swift */,
			);
			path = iOSHabitMe;
			sourceTree = "<group>";
		};
		B3C97F212B5CE91500211B4C /* Models */ = {
			isa = PBXGroup;
			children = (
				B3C97F222B5CE92E00211B4C /* HabitsOnDate.swift */,
			);
			path = Models;
			sourceTree = "<group>";
		};
		B3C97F242B5CE94500211B4C /* Views */ = {
			isa = PBXGroup;
			children = (
				B3C97F252B5CE95000211B4C /* BarView.swift */,
				B3C97F272B5CE97500211B4C /* HabitsMenu.swift */,
				B3C97F292B5CE99200211B4C /* HomeView.swift */,
				B3C97F2B2B5CE9CB00211B4C /* CreateHabitView.swift */,
				B32947A32B601CD3007C8C1E /* HabitDetailView.swift */,
				B32947A72B61E0E1007C8C1E /* DayView.swift */,
			);
			path = Views;
			sourceTree = "<group>";
		};
		B3C97F2D2B5CEA2500211B4C /* HabitMeComposition */ = {
			isa = PBXGroup;
			children = (
				B313EEB22B5C4C93002AE8CE /* HabitMePrototypeApp.swift */,
				B313EEB42B5C4C93002AE8CE /* ContentView.swift */,
			);
			path = HabitMeComposition;
			sourceTree = "<group>";
		};
		B3C97F2E2B5CEA4B00211B4C /* Supporting Files */ = {
			isa = PBXGroup;
			children = (
				B313EEB62B5C4C99002AE8CE /* Assets.xcassets */,
				B313EEB82B5C4C99002AE8CE /* Preview Content */,
			);
			name = "Supporting Files";
			sourceTree = "<group>";
		};
		B3CC60AB2B5EA9380074ED41 /* SwiftData */ = {
			isa = PBXGroup;
			children = (
				B3CC60AC2B5EA94A0074ED41 /* DataHabit.swift */,
				B32947A52B606713007C8C1E /* SwiftDataHabitRepository.swift */,
			);
			path = SwiftData;
			sourceTree = "<group>";
		};
/* End PBXGroup section */

/* Begin PBXNativeTarget section */
		B313EEAE2B5C4C93002AE8CE /* HabitMePrototype */ = {
			isa = PBXNativeTarget;
			buildConfigurationList = B313EEBD2B5C4C99002AE8CE /* Build configuration list for PBXNativeTarget "HabitMePrototype" */;
			buildPhases = (
				B313EEAB2B5C4C93002AE8CE /* Sources */,
				B313EEAC2B5C4C93002AE8CE /* Frameworks */,
				B313EEAD2B5C4C93002AE8CE /* Resources */,
			);
			buildRules = (
			);
			dependencies = (
			);
			name = HabitMePrototype;
			productName = HabitMePrototype;
			productReference = B313EEAF2B5C4C93002AE8CE /* HabitMePrototype.app */;
			productType = "com.apple.product-type.application";
		};
/* End PBXNativeTarget section */

/* Begin PBXProject section */
		B313EEA72B5C4C93002AE8CE /* Project object */ = {
			isa = PBXProject;
			attributes = {
				BuildIndependentTargetsInParallel = 1;
				LastSwiftUpdateCheck = 1510;
				LastUpgradeCheck = 1510;
				TargetAttributes = {
					B313EEAE2B5C4C93002AE8CE = {
						CreatedOnToolsVersion = 15.1;
					};
				};
			};
			buildConfigurationList = B313EEAA2B5C4C93002AE8CE /* Build configuration list for PBXProject "HabitMePrototype" */;
			compatibilityVersion = "Xcode 14.0";
			developmentRegion = en;
			hasScannedForEncodings = 0;
			knownRegions = (
				en,
				Base,
			);
			mainGroup = B313EEA62B5C4C93002AE8CE;
			productRefGroup = B313EEB02B5C4C93002AE8CE /* Products */;
			projectDirPath = "";
			projectRoot = "";
			targets = (
				B313EEAE2B5C4C93002AE8CE /* HabitMePrototype */,
			);
		};
/* End PBXProject section */

/* Begin PBXResourcesBuildPhase section */
		B313EEAD2B5C4C93002AE8CE /* Resources */ = {
			isa = PBXResourcesBuildPhase;
			buildActionMask = 2147483647;
			files = (
				B313EEBA2B5C4C99002AE8CE /* Preview Assets.xcassets in Resources */,
				B313EEB72B5C4C99002AE8CE /* Assets.xcassets in Resources */,
			);
			runOnlyForDeploymentPostprocessing = 0;
		};
/* End PBXResourcesBuildPhase section */

/* Begin PBXSourcesBuildPhase section */
		B313EEAB2B5C4C93002AE8CE /* Sources */ = {
			isa = PBXSourcesBuildPhase;
			buildActionMask = 2147483647;
			files = (
				B3C97F262B5CE95000211B4C /* BarView.swift in Sources */,
				B32947A82B61E0E1007C8C1E /* DayView.swift in Sources */,
				B3C97F2A2B5CE99200211B4C /* HomeView.swift in Sources */,
				B32947A42B601CD3007C8C1E /* HabitDetailView.swift in Sources */,
				B3C97F282B5CE97500211B4C /* HabitsMenu.swift in Sources */,
				B3C97F2C2B5CE9CB00211B4C /* CreateHabitView.swift in Sources */,
				B32947A22B5FFD36007C8C1E /* UIColor+Hex.swift in Sources */,
				B3C97F192B5CE87200211B4C /* HabitRepository.swift in Sources */,
				B3C97F082B5CE6F400211B4C /* HabitRepository.xcdatamodeld in Sources */,
				B3C97F0D2B5CE7BC00211B4C /* ManagedHabitRecord.swift in Sources */,
				B313EEB52B5C4C93002AE8CE /* ContentView.swift in Sources */,
				B313EEB32B5C4C93002AE8CE /* HabitMePrototypeApp.swift in Sources */,
				B3C97F0F2B5CE7BC00211B4C /* ManagedHabit.swift in Sources */,
				B3C97F1D2B5CE8AD00211B4C /* Habit.swift in Sources */,
				B3C97F232B5CE92E00211B4C /* HabitsOnDate.swift in Sources */,
				B32947AA2B61E848007C8C1E /* DateFormatter+Reusable.swift in Sources */,
				B3CC60AD2B5EA94A0074ED41 /* DataHabit.swift in Sources */,
				B32947A62B606713007C8C1E /* SwiftDataHabitRepository.swift in Sources */,
				B3C97F132B5CE82C00211B4C /* CoreDataHabitRepository.swift in Sources */,
				B3C97F172B5CE85C00211B4C /* InMemoryHabitRepository.swift in Sources */,
				B3C97F1F2B5CE8C900211B4C /* HabitRecord.swift in Sources */,
			);
			runOnlyForDeploymentPostprocessing = 0;
		};
/* End PBXSourcesBuildPhase section */

/* Begin XCBuildConfiguration section */
		B313EEBB2B5C4C99002AE8CE /* Debug */ = {
			isa = XCBuildConfiguration;
			buildSettings = {
				ALWAYS_SEARCH_USER_PATHS = NO;
				ASSETCATALOG_COMPILER_GENERATE_SWIFT_ASSET_SYMBOL_EXTENSIONS = YES;
				CLANG_ANALYZER_NONNULL = YES;
				CLANG_ANALYZER_NUMBER_OBJECT_CONVERSION = YES_AGGRESSIVE;
				CLANG_CXX_LANGUAGE_STANDARD = "gnu++20";
				CLANG_ENABLE_MODULES = YES;
				CLANG_ENABLE_OBJC_ARC = YES;
				CLANG_ENABLE_OBJC_WEAK = YES;
				CLANG_WARN_BLOCK_CAPTURE_AUTORELEASING = YES;
				CLANG_WARN_BOOL_CONVERSION = YES;
				CLANG_WARN_COMMA = YES;
				CLANG_WARN_CONSTANT_CONVERSION = YES;
				CLANG_WARN_DEPRECATED_OBJC_IMPLEMENTATIONS = YES;
				CLANG_WARN_DIRECT_OBJC_ISA_USAGE = YES_ERROR;
				CLANG_WARN_DOCUMENTATION_COMMENTS = YES;
				CLANG_WARN_EMPTY_BODY = YES;
				CLANG_WARN_ENUM_CONVERSION = YES;
				CLANG_WARN_INFINITE_RECURSION = YES;
				CLANG_WARN_INT_CONVERSION = YES;
				CLANG_WARN_NON_LITERAL_NULL_CONVERSION = YES;
				CLANG_WARN_OBJC_IMPLICIT_RETAIN_SELF = YES;
				CLANG_WARN_OBJC_LITERAL_CONVERSION = YES;
				CLANG_WARN_OBJC_ROOT_CLASS = YES_ERROR;
				CLANG_WARN_QUOTED_INCLUDE_IN_FRAMEWORK_HEADER = YES;
				CLANG_WARN_RANGE_LOOP_ANALYSIS = YES;
				CLANG_WARN_STRICT_PROTOTYPES = YES;
				CLANG_WARN_SUSPICIOUS_MOVE = YES;
				CLANG_WARN_UNGUARDED_AVAILABILITY = YES_AGGRESSIVE;
				CLANG_WARN_UNREACHABLE_CODE = YES;
				CLANG_WARN__DUPLICATE_METHOD_MATCH = YES;
				COPY_PHASE_STRIP = NO;
				DEBUG_INFORMATION_FORMAT = dwarf;
				ENABLE_STRICT_OBJC_MSGSEND = YES;
				ENABLE_TESTABILITY = YES;
				ENABLE_USER_SCRIPT_SANDBOXING = YES;
				GCC_C_LANGUAGE_STANDARD = gnu17;
				GCC_DYNAMIC_NO_PIC = NO;
				GCC_NO_COMMON_BLOCKS = YES;
				GCC_OPTIMIZATION_LEVEL = 0;
				GCC_PREPROCESSOR_DEFINITIONS = (
					"DEBUG=1",
					"$(inherited)",
				);
				GCC_WARN_64_TO_32_BIT_CONVERSION = YES;
				GCC_WARN_ABOUT_RETURN_TYPE = YES_ERROR;
				GCC_WARN_UNDECLARED_SELECTOR = YES;
				GCC_WARN_UNINITIALIZED_AUTOS = YES_AGGRESSIVE;
				GCC_WARN_UNUSED_FUNCTION = YES;
				GCC_WARN_UNUSED_VARIABLE = YES;
				IPHONEOS_DEPLOYMENT_TARGET = 17.2;
				LOCALIZATION_PREFERS_STRING_CATALOGS = YES;
				MTL_ENABLE_DEBUG_INFO = INCLUDE_SOURCE;
				MTL_FAST_MATH = YES;
				ONLY_ACTIVE_ARCH = YES;
				SDKROOT = iphoneos;
				SWIFT_ACTIVE_COMPILATION_CONDITIONS = "DEBUG $(inherited)";
				SWIFT_OPTIMIZATION_LEVEL = "-Onone";
			};
			name = Debug;
		};
		B313EEBC2B5C4C99002AE8CE /* Release */ = {
			isa = XCBuildConfiguration;
			buildSettings = {
				ALWAYS_SEARCH_USER_PATHS = NO;
				ASSETCATALOG_COMPILER_GENERATE_SWIFT_ASSET_SYMBOL_EXTENSIONS = YES;
				CLANG_ANALYZER_NONNULL = YES;
				CLANG_ANALYZER_NUMBER_OBJECT_CONVERSION = YES_AGGRESSIVE;
				CLANG_CXX_LANGUAGE_STANDARD = "gnu++20";
				CLANG_ENABLE_MODULES = YES;
				CLANG_ENABLE_OBJC_ARC = YES;
				CLANG_ENABLE_OBJC_WEAK = YES;
				CLANG_WARN_BLOCK_CAPTURE_AUTORELEASING = YES;
				CLANG_WARN_BOOL_CONVERSION = YES;
				CLANG_WARN_COMMA = YES;
				CLANG_WARN_CONSTANT_CONVERSION = YES;
				CLANG_WARN_DEPRECATED_OBJC_IMPLEMENTATIONS = YES;
				CLANG_WARN_DIRECT_OBJC_ISA_USAGE = YES_ERROR;
				CLANG_WARN_DOCUMENTATION_COMMENTS = YES;
				CLANG_WARN_EMPTY_BODY = YES;
				CLANG_WARN_ENUM_CONVERSION = YES;
				CLANG_WARN_INFINITE_RECURSION = YES;
				CLANG_WARN_INT_CONVERSION = YES;
				CLANG_WARN_NON_LITERAL_NULL_CONVERSION = YES;
				CLANG_WARN_OBJC_IMPLICIT_RETAIN_SELF = YES;
				CLANG_WARN_OBJC_LITERAL_CONVERSION = YES;
				CLANG_WARN_OBJC_ROOT_CLASS = YES_ERROR;
				CLANG_WARN_QUOTED_INCLUDE_IN_FRAMEWORK_HEADER = YES;
				CLANG_WARN_RANGE_LOOP_ANALYSIS = YES;
				CLANG_WARN_STRICT_PROTOTYPES = YES;
				CLANG_WARN_SUSPICIOUS_MOVE = YES;
				CLANG_WARN_UNGUARDED_AVAILABILITY = YES_AGGRESSIVE;
				CLANG_WARN_UNREACHABLE_CODE = YES;
				CLANG_WARN__DUPLICATE_METHOD_MATCH = YES;
				COPY_PHASE_STRIP = NO;
				DEBUG_INFORMATION_FORMAT = "dwarf-with-dsym";
				ENABLE_NS_ASSERTIONS = NO;
				ENABLE_STRICT_OBJC_MSGSEND = YES;
				ENABLE_USER_SCRIPT_SANDBOXING = YES;
				GCC_C_LANGUAGE_STANDARD = gnu17;
				GCC_NO_COMMON_BLOCKS = YES;
				GCC_WARN_64_TO_32_BIT_CONVERSION = YES;
				GCC_WARN_ABOUT_RETURN_TYPE = YES_ERROR;
				GCC_WARN_UNDECLARED_SELECTOR = YES;
				GCC_WARN_UNINITIALIZED_AUTOS = YES_AGGRESSIVE;
				GCC_WARN_UNUSED_FUNCTION = YES;
				GCC_WARN_UNUSED_VARIABLE = YES;
				IPHONEOS_DEPLOYMENT_TARGET = 17.2;
				LOCALIZATION_PREFERS_STRING_CATALOGS = YES;
				MTL_ENABLE_DEBUG_INFO = NO;
				MTL_FAST_MATH = YES;
				SDKROOT = iphoneos;
				SWIFT_COMPILATION_MODE = wholemodule;
				VALIDATE_PRODUCT = YES;
			};
			name = Release;
		};
		B313EEBE2B5C4C99002AE8CE /* Debug */ = {
			isa = XCBuildConfiguration;
			buildSettings = {
				ASSETCATALOG_COMPILER_APPICON_NAME = AppIcon;
				ASSETCATALOG_COMPILER_GLOBAL_ACCENT_COLOR_NAME = AccentColor;
				CODE_SIGN_STYLE = Automatic;
				CURRENT_PROJECT_VERSION = 1;
				DEVELOPMENT_ASSET_PATHS = "\"HabitMePrototype/Preview Content\"";
				DEVELOPMENT_TEAM = RXL7292WR8;
				ENABLE_PREVIEWS = YES;
				GENERATE_INFOPLIST_FILE = YES;
				INFOPLIST_KEY_UIApplicationSceneManifest_Generation = YES;
				INFOPLIST_KEY_UIApplicationSupportsIndirectInputEvents = YES;
				INFOPLIST_KEY_UILaunchScreen_Generation = YES;
				INFOPLIST_KEY_UISupportedInterfaceOrientations_iPad = "UIInterfaceOrientationPortrait UIInterfaceOrientationPortraitUpsideDown UIInterfaceOrientationLandscapeLeft UIInterfaceOrientationLandscapeRight";
				INFOPLIST_KEY_UISupportedInterfaceOrientations_iPhone = "UIInterfaceOrientationPortrait UIInterfaceOrientationLandscapeLeft UIInterfaceOrientationLandscapeRight";
				LD_RUNPATH_SEARCH_PATHS = (
					"$(inherited)",
					"@executable_path/Frameworks",
				);
				MARKETING_VERSION = 1.0;
				PRODUCT_BUNDLE_IDENTIFIER = com.boycees.HabitMePrototype;
				PRODUCT_NAME = "$(TARGET_NAME)";
				SWIFT_EMIT_LOC_STRINGS = YES;
				SWIFT_VERSION = 5.0;
				TARGETED_DEVICE_FAMILY = "1,2";
			};
			name = Debug;
		};
		B313EEBF2B5C4C99002AE8CE /* Release */ = {
			isa = XCBuildConfiguration;
			buildSettings = {
				ASSETCATALOG_COMPILER_APPICON_NAME = AppIcon;
				ASSETCATALOG_COMPILER_GLOBAL_ACCENT_COLOR_NAME = AccentColor;
				CODE_SIGN_STYLE = Automatic;
				CURRENT_PROJECT_VERSION = 1;
				DEVELOPMENT_ASSET_PATHS = "\"HabitMePrototype/Preview Content\"";
				DEVELOPMENT_TEAM = RXL7292WR8;
				ENABLE_PREVIEWS = YES;
				GENERATE_INFOPLIST_FILE = YES;
				INFOPLIST_KEY_UIApplicationSceneManifest_Generation = YES;
				INFOPLIST_KEY_UIApplicationSupportsIndirectInputEvents = YES;
				INFOPLIST_KEY_UILaunchScreen_Generation = YES;
				INFOPLIST_KEY_UISupportedInterfaceOrientations_iPad = "UIInterfaceOrientationPortrait UIInterfaceOrientationPortraitUpsideDown UIInterfaceOrientationLandscapeLeft UIInterfaceOrientationLandscapeRight";
				INFOPLIST_KEY_UISupportedInterfaceOrientations_iPhone = "UIInterfaceOrientationPortrait UIInterfaceOrientationLandscapeLeft UIInterfaceOrientationLandscapeRight";
				LD_RUNPATH_SEARCH_PATHS = (
					"$(inherited)",
					"@executable_path/Frameworks",
				);
				MARKETING_VERSION = 1.0;
				PRODUCT_BUNDLE_IDENTIFIER = com.boycees.HabitMePrototype;
				PRODUCT_NAME = "$(TARGET_NAME)";
				SWIFT_EMIT_LOC_STRINGS = YES;
				SWIFT_VERSION = 5.0;
				TARGETED_DEVICE_FAMILY = "1,2";
			};
			name = Release;
		};
/* End XCBuildConfiguration section */

/* Begin XCConfigurationList section */
		B313EEAA2B5C4C93002AE8CE /* Build configuration list for PBXProject "HabitMePrototype" */ = {
			isa = XCConfigurationList;
			buildConfigurations = (
				B313EEBB2B5C4C99002AE8CE /* Debug */,
				B313EEBC2B5C4C99002AE8CE /* Release */,
			);
			defaultConfigurationIsVisible = 0;
			defaultConfigurationName = Release;
		};
		B313EEBD2B5C4C99002AE8CE /* Build configuration list for PBXNativeTarget "HabitMePrototype" */ = {
			isa = XCConfigurationList;
			buildConfigurations = (
				B313EEBE2B5C4C99002AE8CE /* Debug */,
				B313EEBF2B5C4C99002AE8CE /* Release */,
			);
			defaultConfigurationIsVisible = 0;
			defaultConfigurationName = Release;
		};
/* End XCConfigurationList section */

/* Begin XCVersionGroup section */
		B3C97F062B5CE6F300211B4C /* HabitRepository.xcdatamodeld */ = {
			isa = XCVersionGroup;
			children = (
				B3C97F072B5CE6F300211B4C /* HabitRepository.xcdatamodel */,
			);
			currentVersion = B3C97F072B5CE6F300211B4C /* HabitRepository.xcdatamodel */;
			path = HabitRepository.xcdatamodeld;
			sourceTree = "<group>";
			versionGroupType = wrapper.xcdatamodel;
		};
/* End XCVersionGroup section */
	};
	rootObject = B313EEA72B5C4C93002AE8CE /* Project object */;
}
