// !$*UTF8*$!
{
	archiveVersion = 1;
	classes = {
	};
	objectVersion = 56;
	objects = {

/* Begin PBXBuildFile section */
		B313EEB32B5C4C93002AE8CE /* HabitMePrototypeApp.swift in Sources */ = {isa = PBXBuildFile; fileRef = B313EEB22B5C4C93002AE8CE /* HabitMePrototypeApp.swift */; };
		B313EEB52B5C4C93002AE8CE /* ContentView.swift in Sources */ = {isa = PBXBuildFile; fileRef = B313EEB42B5C4C93002AE8CE /* ContentView.swift */; };
		B313EEB72B5C4C99002AE8CE /* Assets.xcassets in Resources */ = {isa = PBXBuildFile; fileRef = B313EEB62B5C4C99002AE8CE /* Assets.xcassets */; };
		B313EEBA2B5C4C99002AE8CE /* Preview Assets.xcassets in Resources */ = {isa = PBXBuildFile; fileRef = B313EEB92B5C4C99002AE8CE /* Preview Assets.xcassets */; };
		B32947A22B5FFD36007C8C1E /* UIColor+Hex.swift in Sources */ = {isa = PBXBuildFile; fileRef = B32947A12B5FFD36007C8C1E /* UIColor+Hex.swift */; };
		B32947A42B601CD3007C8C1E /* HabitDetailView.swift in Sources */ = {isa = PBXBuildFile; fileRef = B32947A32B601CD3007C8C1E /* HabitDetailView.swift */; };
		B32947A62B606713007C8C1E /* SwiftDataHabitRepository.swift in Sources */ = {isa = PBXBuildFile; fileRef = B32947A52B606713007C8C1E /* SwiftDataHabitRepository.swift */; };
		B32947A82B61E0E1007C8C1E /* DayView.swift in Sources */ = {isa = PBXBuildFile; fileRef = B32947A72B61E0E1007C8C1E /* DayView.swift */; };
		B32947AA2B61E848007C8C1E /* DateFormatter+Reusable.swift in Sources */ = {isa = PBXBuildFile; fileRef = B32947A92B61E848007C8C1E /* DateFormatter+Reusable.swift */; };
		B32947AC2B62AD2E007C8C1E /* HabitRecordDetailView.swift in Sources */ = {isa = PBXBuildFile; fileRef = B32947AB2B62AD2E007C8C1E /* HabitRecordDetailView.swift */; };
		B32947B02B633DEB007C8C1E /* View+FlowNavigationDestination.swift in Sources */ = {isa = PBXBuildFile; fileRef = B32947AE2B633DEB007C8C1E /* View+FlowNavigationDestination.swift */; };
		B32947B12B633DEB007C8C1E /* NavigationFlow.swift in Sources */ = {isa = PBXBuildFile; fileRef = B32947AF2B633DEB007C8C1E /* NavigationFlow.swift */; };
		B32947B42B633E3F007C8C1E /* HomeNavigationFlow.swift in Sources */ = {isa = PBXBuildFile; fileRef = B32947B32B633E3F007C8C1E /* HomeNavigationFlow.swift */; };
		B32947B62B633FA6007C8C1E /* ContentView+HomeComposition.swift in Sources */ = {isa = PBXBuildFile; fileRef = B32947B52B633FA6007C8C1E /* ContentView+HomeComposition.swift */; };
		B32947BB2B6346D5007C8C1E /* ContentView+CreateHabitComposition.swift in Sources */ = {isa = PBXBuildFile; fileRef = B32947BA2B6346D5007C8C1E /* ContentView+CreateHabitComposition.swift */; };
		B32947BD2B63473D007C8C1E /* ContentView+HabitDetailComposition.swift in Sources */ = {isa = PBXBuildFile; fileRef = B32947BC2B63473D007C8C1E /* ContentView+HabitDetailComposition.swift */; };
		B32947BF2B634B11007C8C1E /* ContentView+HabitRecordDetailComposition.swift in Sources */ = {isa = PBXBuildFile; fileRef = B32947BE2B634B11007C8C1E /* ContentView+HabitRecordDetailComposition.swift */; };
		B32947C42B64040B007C8C1E /* EditHabitView.swift in Sources */ = {isa = PBXBuildFile; fileRef = B32947C32B64040B007C8C1E /* EditHabitView.swift */; };
		B32947C62B640431007C8C1E /* ContentView+EditHabitComposition.swift in Sources */ = {isa = PBXBuildFile; fileRef = B32947C52B640431007C8C1E /* ContentView+EditHabitComposition.swift */; };
		B32947C82B65950D007C8C1E /* StatisticsView.swift in Sources */ = {isa = PBXBuildFile; fileRef = B32947C72B65950D007C8C1E /* StatisticsView.swift */; };
		B32947CA2B65BFDB007C8C1E /* ContentView+StatisticsComposition.swift in Sources */ = {isa = PBXBuildFile; fileRef = B32947C92B65BFDB007C8C1E /* ContentView+StatisticsComposition.swift */; };
		B347DE342B7D8C1A00F2FA74 /* TextFieldRow.swift in Sources */ = {isa = PBXBuildFile; fileRef = B347DE332B7D8C1A00F2FA74 /* TextFieldRow.swift */; };
		B347DE3B2B7DA69C00F2FA74 /* BJRepositoryError.swift in Sources */ = {isa = PBXBuildFile; fileRef = B347DE3A2B7DA69C00F2FA74 /* BJRepositoryError.swift */; };
		B347DE3D2B7E747200F2FA74 /* DecimalNumberPolicy.swift in Sources */ = {isa = PBXBuildFile; fileRef = B347DE3C2B7E747200F2FA74 /* DecimalNumberPolicy.swift */; };
		B347DE6B2B7FF4EE00F2FA74 /* SizeKey.swift in Sources */ = {isa = PBXBuildFile; fileRef = B347DE6A2B7FF4EE00F2FA74 /* SizeKey.swift */; };
		B347DE6D2B7FF50800F2FA74 /* View+HeightChangePreference.swift in Sources */ = {isa = PBXBuildFile; fileRef = B347DE6C2B7FF50800F2FA74 /* View+HeightChangePreference.swift */; };
		B347DE712B81305700F2FA74 /* View+RecordSheetPresentation.swift in Sources */ = {isa = PBXBuildFile; fileRef = B347DE702B81305700F2FA74 /* View+RecordSheetPresentation.swift */; };
		B347DE7D2B83DFC100F2FA74 /* CreateEditActivityCompletionGoalContent.swift in Sources */ = {isa = PBXBuildFile; fileRef = B347DE7C2B83DFC100F2FA74 /* CreateEditActivityCompletionGoalContent.swift */; };
		B3621E572BDDE0F900BE88C2 /* HabitRepositoryFW.framework in Frameworks */ = {isa = PBXBuildFile; fileRef = B3621E4F2BDDE0F900BE88C2 /* HabitRepositoryFW.framework */; };
		B3621E5E2BDDE0F900BE88C2 /* HabitRepositoryFWTests.swift in Sources */ = {isa = PBXBuildFile; fileRef = B3621E5D2BDDE0F900BE88C2 /* HabitRepositoryFWTests.swift */; };
		B3621E5F2BDDE0F900BE88C2 /* HabitRepositoryFW.h in Headers */ = {isa = PBXBuildFile; fileRef = B3621E512BDDE0F900BE88C2 /* HabitRepositoryFW.h */; settings = {ATTRIBUTES = (Public, ); }; };
		B3621E622BDDE0F900BE88C2 /* HabitRepositoryFW.framework in Frameworks */ = {isa = PBXBuildFile; fileRef = B3621E4F2BDDE0F900BE88C2 /* HabitRepositoryFW.framework */; };
		B3621E632BDDE0F900BE88C2 /* HabitRepositoryFW.framework in Embed Frameworks */ = {isa = PBXBuildFile; fileRef = B3621E4F2BDDE0F900BE88C2 /* HabitRepositoryFW.framework */; settings = {ATTRIBUTES = (CodeSignOnCopy, RemoveHeadersOnCopy, ); }; };
		B3621E732BDDE3E500BE88C2 /* HabitMePrototypeTests.swift in Sources */ = {isa = PBXBuildFile; fileRef = B3621E722BDDE3E500BE88C2 /* HabitMePrototypeTests.swift */; };
		B37AC76E2BA082E00052552B /* Date+GraphDisplayDate.swift in Sources */ = {isa = PBXBuildFile; fileRef = B37AC76D2BA082E00052552B /* Date+GraphDisplayDate.swift */; };
		B37AC7762BA086E50052552B /* HomeViewModel.swift in Sources */ = {isa = PBXBuildFile; fileRef = B37AC7752BA086E50052552B /* HomeViewModel.swift */; };
		B37AC77B2BAF53760052552B /* Habit.swift in Sources */ = {isa = PBXBuildFile; fileRef = B37AC77A2BAF53760052552B /* Habit.swift */; };
		B3B2F2F52BDFC84000240EB0 /* HabitMenuDataSourceTests.swift in Sources */ = {isa = PBXBuildFile; fileRef = B3B2F2F42BDFC84000240EB0 /* HabitMenuDataSourceTests.swift */; };
		B3B2F2F82BDFC9D800240EB0 /* Habit.swift in Sources */ = {isa = PBXBuildFile; fileRef = B3B2F2F72BDFC9D800240EB0 /* Habit.swift */; };
		B3B2F2FA2BDFC9EC00240EB0 /* ActivityDetail.swift in Sources */ = {isa = PBXBuildFile; fileRef = B3B2F2F92BDFC9EC00240EB0 /* ActivityDetail.swift */; };
		B3B2F2FB2BDFCA0700240EB0 /* ActivityDetailSortable.swift in Sources */ = {isa = PBXBuildFile; fileRef = B37AC77C2BAF67310052552B /* ActivityDetailSortable.swift */; };
		B3B2F2FD2BDFCA3700240EB0 /* IsCompletedHabit.swift in Sources */ = {isa = PBXBuildFile; fileRef = B3B2F2FC2BDFCA3700240EB0 /* IsCompletedHabit.swift */; };
		B3B2F2FF2BDFCA4E00240EB0 /* HabitRecord.swift in Sources */ = {isa = PBXBuildFile; fileRef = B3B2F2FE2BDFCA4E00240EB0 /* HabitRecord.swift */; };
		B3B2F3012BDFCA9700240EB0 /* ActivityDetailRecord.swift in Sources */ = {isa = PBXBuildFile; fileRef = B3B2F3002BDFCA9700240EB0 /* ActivityDetailRecord.swift */; };
		B3B2F3022BDFCAE500240EB0 /* ActivityDetailCalculationType.swift in Sources */ = {isa = PBXBuildFile; fileRef = B347DE352B7DA50C00F2FA74 /* ActivityDetailCalculationType.swift */; };
		B3B2F3032BDFCAE500240EB0 /* ActivityDetailType.swift in Sources */ = {isa = PBXBuildFile; fileRef = B347DE382B7DA58F00F2FA74 /* ActivityDetailType.swift */; };
		B3B2F3052BDFCB7F00240EB0 /* ActivityDetailCalculationType+UI.swift in Sources */ = {isa = PBXBuildFile; fileRef = B3B2F3042BDFCB7F00240EB0 /* ActivityDetailCalculationType+UI.swift */; };
		B3B2F3072BDFCC2100240EB0 /* Habit+UI.swift in Sources */ = {isa = PBXBuildFile; fileRef = B3B2F3062BDFCC2100240EB0 /* Habit+UI.swift */; };
		B3B2F3092BDFCC9000240EB0 /* ActivityDetailType+UI.swift in Sources */ = {isa = PBXBuildFile; fileRef = B3B2F3082BDFCC9000240EB0 /* ActivityDetailType+UI.swift */; };
		B3B2F30C2BE005DA00240EB0 /* ManagedHabit.swift in Sources */ = {isa = PBXBuildFile; fileRef = B37074252B9E03E8006FCC4E /* ManagedHabit.swift */; };
		B3B2F30D2BE005E600240EB0 /* BlockHabit.xcdatamodeld in Sources */ = {isa = PBXBuildFile; fileRef = B37074202B9E0368006FCC4E /* BlockHabit.xcdatamodeld */; };
		B3B2F30E2BE005F300240EB0 /* HabitFRCDataSourceAdapter.swift in Sources */ = {isa = PBXBuildFile; fileRef = B37AC7722BA0860F0052552B /* HabitFRCDataSourceAdapter.swift */; };
		B3B2F30F2BE005F300240EB0 /* HabitRecordsForDateByHabitFRCDataSourceAdapter.swift in Sources */ = {isa = PBXBuildFile; fileRef = B3E34F6C2BBC31B900E1699A /* HabitRecordsForDateByHabitFRCDataSourceAdapter.swift */; };
		B3B2F3102BE005F300240EB0 /* ManagedHabitRecord+CoreDataProperties.swift in Sources */ = {isa = PBXBuildFile; fileRef = B37074272B9E03E8006FCC4E /* ManagedHabitRecord+CoreDataProperties.swift */; };
		B3B2F3112BE005F300240EB0 /* CoreDataBlockHabitStore+habitDataSource.swift in Sources */ = {isa = PBXBuildFile; fileRef = B37AC7772BA0880F0052552B /* CoreDataBlockHabitStore+habitDataSource.swift */; };
		B3B2F3122BE005F300240EB0 /* ManagedActivityDetailRecord+CoreDataProperties.swift in Sources */ = {isa = PBXBuildFile; fileRef = B370742A2B9E03E9006FCC4E /* ManagedActivityDetailRecord+CoreDataProperties.swift */; };
		B3B2F3132BE005F300240EB0 /* ManagedActivityDetail+CoreDataProperties.swift in Sources */ = {isa = PBXBuildFile; fileRef = B370742B2B9E03E9006FCC4E /* ManagedActivityDetail+CoreDataProperties.swift */; };
		B3B2F3142BE005F300240EB0 /* HabitRecordsForDateFRCDataSourceAdapter.swift in Sources */ = {isa = PBXBuildFile; fileRef = B37AC7702BA0859D0052552B /* HabitRecordsForDateFRCDataSourceAdapter.swift */; };
		B3B2F3152BE02A8C00240EB0 /* HaloRepositoryError.swift in Sources */ = {isa = PBXBuildFile; fileRef = B37AC7802BAF6C9D0052552B /* HaloRepositoryError.swift */; };
		B3B2F3162BE02AA700240EB0 /* CoreDataBlockHabitStore.swift in Sources */ = {isa = PBXBuildFile; fileRef = B37074342B9E088C006FCC4E /* CoreDataBlockHabitStore.swift */; };
		B3B2F3172BE02AD500240EB0 /* CoreDataBlockHabitStore+HabitRecord.swift in Sources */ = {isa = PBXBuildFile; fileRef = B37AC77E2BAF6B9A0052552B /* CoreDataBlockHabitStore+HabitRecord.swift */; };
		B3B2F3182BE02AD500240EB0 /* CoreDataBlockHabitStore+Habit.swift in Sources */ = {isa = PBXBuildFile; fileRef = B37AC7842BB1C2F20052552B /* CoreDataBlockHabitStore+Habit.swift */; };
		B3B2F31B2BE2850000240EB0 /* HabitMenuDataSource.swift in Sources */ = {isa = PBXBuildFile; fileRef = B3B2F31A2BE2850000240EB0 /* HabitMenuDataSource.swift */; };
		B3B2F31E2BE2864E00240EB0 /* ManagedHabit+FetchRequest.swift in Sources */ = {isa = PBXBuildFile; fileRef = B3B2F31D2BE2864E00240EB0 /* ManagedHabit+FetchRequest.swift */; };
		B3B403842B702AEA00D1967E /* ContentView+CreateActivityRecordWithDetailsComposition.swift in Sources */ = {isa = PBXBuildFile; fileRef = B3B403832B702AEA00D1967E /* ContentView+CreateActivityRecordWithDetailsComposition.swift */; };
		B3B403872B7128A100D1967E /* ActivityRecordCreationPolicy.swift in Sources */ = {isa = PBXBuildFile; fileRef = B3B403862B7128A100D1967E /* ActivityRecordCreationPolicy.swift */; };
		B3B403892B7132F000D1967E /* ActivityDetailRecord.swift in Sources */ = {isa = PBXBuildFile; fileRef = B3B403882B7132F000D1967E /* ActivityDetailRecord.swift */; };
		B3B4038C2B7133F100D1967E /* ActivityRecordCreator.swift in Sources */ = {isa = PBXBuildFile; fileRef = B3B4038B2B7133F100D1967E /* ActivityRecordCreator.swift */; };
		B3BFE9E52B7520DB00DE7617 /* ActivityDetailLineMarkChart.swift in Sources */ = {isa = PBXBuildFile; fileRef = B3BFE9E42B7520DB00DE7617 /* ActivityDetailLineMarkChart.swift */; };
		B3BFE9E72B75268B00DE7617 /* LineChartActivityDetailData.swift in Sources */ = {isa = PBXBuildFile; fileRef = B3BFE9E62B75268B00DE7617 /* LineChartActivityDetailData.swift */; };
		B3BFEA082B765C5500DE7617 /* CGFloat+Constants.swift in Sources */ = {isa = PBXBuildFile; fileRef = B3BFEA072B765C5500DE7617 /* CGFloat+Constants.swift */; };
		B3BFEA0A2B76635000DE7617 /* ActivityRecordRow.swift in Sources */ = {isa = PBXBuildFile; fileRef = B3BFEA092B76635000DE7617 /* ActivityRecordRow.swift */; };
		B3BFEA0C2B76672500DE7617 /* BJAsset.swift in Sources */ = {isa = PBXBuildFile; fileRef = B3BFEA0B2B76672500DE7617 /* BJAsset.swift */; };
		B3BFEA0F2B76769900DE7617 /* NumberTextField.swift in Sources */ = {isa = PBXBuildFile; fileRef = B3BFEA0E2B76769900DE7617 /* NumberTextField.swift */; };
		B3BFEA112B76806100DE7617 /* Color+Constants.swift in Sources */ = {isa = PBXBuildFile; fileRef = B3BFEA102B76806100DE7617 /* Color+Constants.swift */; };
		B3BFEA142B77FF6B00DE7617 /* DisplayDatePolicy.swift in Sources */ = {isa = PBXBuildFile; fileRef = B3BFEA132B77FF6B00DE7617 /* DisplayDatePolicy.swift */; };
		B3BFEA162B781A1A00DE7617 /* String+Constants.swift in Sources */ = {isa = PBXBuildFile; fileRef = B3BFEA152B781A1A00DE7617 /* String+Constants.swift */; };
		B3BFEA182B7838B400DE7617 /* ActivityDetailSummaryRow.swift in Sources */ = {isa = PBXBuildFile; fileRef = B3BFEA172B7838B400DE7617 /* ActivityDetailSummaryRow.swift */; };
		B3BFEA1A2B791F8800DE7617 /* CreateActivityDetailView.swift in Sources */ = {isa = PBXBuildFile; fileRef = B3BFEA192B791F8800DE7617 /* CreateActivityDetailView.swift */; };
		B3BFEA1C2B7A632000DE7617 /* ContentView+CreateActivityDetailComposition.swift in Sources */ = {isa = PBXBuildFile; fileRef = B3BFEA1B2B7A632000DE7617 /* ContentView+CreateActivityDetailComposition.swift */; };
		B3BFEA1E2B7BBF1400DE7617 /* ModelContext+CreateActivityDetail.swift in Sources */ = {isa = PBXBuildFile; fileRef = B3BFEA1D2B7BBF1400DE7617 /* ModelContext+CreateActivityDetail.swift */; };
		B3C97F262B5CE95000211B4C /* BJBarChart.swift in Sources */ = {isa = PBXBuildFile; fileRef = B3C97F252B5CE95000211B4C /* BJBarChart.swift */; };
		B3C97F282B5CE97500211B4C /* HabitsMenu.swift in Sources */ = {isa = PBXBuildFile; fileRef = B3C97F272B5CE97500211B4C /* HabitsMenu.swift */; };
		B3C97F2A2B5CE99200211B4C /* HomeView.swift in Sources */ = {isa = PBXBuildFile; fileRef = B3C97F292B5CE99200211B4C /* HomeView.swift */; };
		B3C97F2C2B5CE9CB00211B4C /* CreateHabitView.swift in Sources */ = {isa = PBXBuildFile; fileRef = B3C97F2B2B5CE9CB00211B4C /* CreateHabitView.swift */; };
		B3C9E5182B698C7D00153158 /* ModelContext+DeleteHabit.swift in Sources */ = {isa = PBXBuildFile; fileRef = B3C9E5172B698C7D00153158 /* ModelContext+DeleteHabit.swift */; };
		B3C9E51A2B698CAC00153158 /* ModelContext+Info.swift in Sources */ = {isa = PBXBuildFile; fileRef = B3C9E5192B698CAC00153158 /* ModelContext+Info.swift */; };
		B3C9E5202B6B1A0800153158 /* AddDetailSelectionView.swift in Sources */ = {isa = PBXBuildFile; fileRef = B3C9E51F2B6B1A0800153158 /* AddDetailSelectionView.swift */; };
		B3C9E5222B6B1AB400153158 /* ContentView+AddDetailSelectionComposition.swift in Sources */ = {isa = PBXBuildFile; fileRef = B3C9E5212B6B1AB400153158 /* ContentView+AddDetailSelectionComposition.swift */; };
		B3C9E5442B6BD9FE00153158 /* ActivityDetailSeedData.json in Resources */ = {isa = PBXBuildFile; fileRef = B3C9E5432B6BD9FE00153158 /* ActivityDetailSeedData.json */; };
		B3C9E5472B6BDC9900153158 /* DataActivityDetail.swift in Sources */ = {isa = PBXBuildFile; fileRef = B3C9E5462B6BDC9900153158 /* DataActivityDetail.swift */; };
		B3C9E5492B6E982E00153158 /* CreateHabitRecordWithDetailsView.swift in Sources */ = {isa = PBXBuildFile; fileRef = B3C9E5482B6E982E00153158 /* CreateHabitRecordWithDetailsView.swift */; };
		B3C9E54C2B6EC0A600153158 /* View+TextFieldStyle.swift in Sources */ = {isa = PBXBuildFile; fileRef = B3C9E54B2B6EC0A600153158 /* View+TextFieldStyle.swift */; };
		B3C9E54E2B6EC5C900153158 /* View+SectionBackground.swift in Sources */ = {isa = PBXBuildFile; fileRef = B3C9E54D2B6EC5C900153158 /* View+SectionBackground.swift */; };
		B3C9E5502B6F16F100153158 /* View+Font.swift in Sources */ = {isa = PBXBuildFile; fileRef = B3C9E54F2B6F16F100153158 /* View+Font.swift */; };
		B3C9E5632B6F25EB00153158 /* View+toolbar.swift in Sources */ = {isa = PBXBuildFile; fileRef = B3C9E5622B6F25EB00153158 /* View+toolbar.swift */; };
		B3CC60AD2B5EA94A0074ED41 /* DataHabit.swift in Sources */ = {isa = PBXBuildFile; fileRef = B3CC60AC2B5EA94A0074ED41 /* DataHabit.swift */; };
/* End PBXBuildFile section */

/* Begin PBXContainerItemProxy section */
		B3621E582BDDE0F900BE88C2 /* PBXContainerItemProxy */ = {
			isa = PBXContainerItemProxy;
			containerPortal = B313EEA72B5C4C93002AE8CE /* Project object */;
			proxyType = 1;
			remoteGlobalIDString = B3621E4E2BDDE0F900BE88C2;
			remoteInfo = HabitRepositoryFW;
		};
		B3621E5A2BDDE0F900BE88C2 /* PBXContainerItemProxy */ = {
			isa = PBXContainerItemProxy;
			containerPortal = B313EEA72B5C4C93002AE8CE /* Project object */;
			proxyType = 1;
			remoteGlobalIDString = B313EEAE2B5C4C93002AE8CE;
			remoteInfo = HabitMePrototype;
		};
		B3621E602BDDE0F900BE88C2 /* PBXContainerItemProxy */ = {
			isa = PBXContainerItemProxy;
			containerPortal = B313EEA72B5C4C93002AE8CE /* Project object */;
			proxyType = 1;
			remoteGlobalIDString = B3621E4E2BDDE0F900BE88C2;
			remoteInfo = HabitRepositoryFW;
		};
		B3621E742BDDE3E500BE88C2 /* PBXContainerItemProxy */ = {
			isa = PBXContainerItemProxy;
			containerPortal = B313EEA72B5C4C93002AE8CE /* Project object */;
			proxyType = 1;
			remoteGlobalIDString = B313EEAE2B5C4C93002AE8CE;
			remoteInfo = HabitMePrototype;
		};
/* End PBXContainerItemProxy section */

/* Begin PBXCopyFilesBuildPhase section */
		B3621E642BDDE0F900BE88C2 /* Embed Frameworks */ = {
			isa = PBXCopyFilesBuildPhase;
			buildActionMask = 2147483647;
			dstPath = "";
			dstSubfolderSpec = 10;
			files = (
				B3621E632BDDE0F900BE88C2 /* HabitRepositoryFW.framework in Embed Frameworks */,
			);
			name = "Embed Frameworks";
			runOnlyForDeploymentPostprocessing = 0;
		};
/* End PBXCopyFilesBuildPhase section */

/* Begin PBXFileReference section */
		B313EEAF2B5C4C93002AE8CE /* HabitMePrototype.app */ = {isa = PBXFileReference; explicitFileType = wrapper.application; includeInIndex = 0; path = HabitMePrototype.app; sourceTree = BUILT_PRODUCTS_DIR; };
		B313EEB22B5C4C93002AE8CE /* HabitMePrototypeApp.swift */ = {isa = PBXFileReference; lastKnownFileType = sourcecode.swift; path = HabitMePrototypeApp.swift; sourceTree = "<group>"; };
		B313EEB42B5C4C93002AE8CE /* ContentView.swift */ = {isa = PBXFileReference; lastKnownFileType = sourcecode.swift; path = ContentView.swift; sourceTree = "<group>"; };
		B313EEB62B5C4C99002AE8CE /* Assets.xcassets */ = {isa = PBXFileReference; lastKnownFileType = folder.assetcatalog; path = Assets.xcassets; sourceTree = "<group>"; };
		B313EEB92B5C4C99002AE8CE /* Preview Assets.xcassets */ = {isa = PBXFileReference; lastKnownFileType = folder.assetcatalog; path = "Preview Assets.xcassets"; sourceTree = "<group>"; };
		B32947A12B5FFD36007C8C1E /* UIColor+Hex.swift */ = {isa = PBXFileReference; lastKnownFileType = sourcecode.swift; path = "UIColor+Hex.swift"; sourceTree = "<group>"; };
		B32947A32B601CD3007C8C1E /* HabitDetailView.swift */ = {isa = PBXFileReference; lastKnownFileType = sourcecode.swift; path = HabitDetailView.swift; sourceTree = "<group>"; };
		B32947A52B606713007C8C1E /* SwiftDataHabitRepository.swift */ = {isa = PBXFileReference; lastKnownFileType = sourcecode.swift; path = SwiftDataHabitRepository.swift; sourceTree = "<group>"; };
		B32947A72B61E0E1007C8C1E /* DayView.swift */ = {isa = PBXFileReference; lastKnownFileType = sourcecode.swift; path = DayView.swift; sourceTree = "<group>"; };
		B32947A92B61E848007C8C1E /* DateFormatter+Reusable.swift */ = {isa = PBXFileReference; lastKnownFileType = sourcecode.swift; path = "DateFormatter+Reusable.swift"; sourceTree = "<group>"; };
		B32947AB2B62AD2E007C8C1E /* HabitRecordDetailView.swift */ = {isa = PBXFileReference; lastKnownFileType = sourcecode.swift; path = HabitRecordDetailView.swift; sourceTree = "<group>"; };
		B32947AE2B633DEB007C8C1E /* View+FlowNavigationDestination.swift */ = {isa = PBXFileReference; fileEncoding = 4; lastKnownFileType = sourcecode.swift; path = "View+FlowNavigationDestination.swift"; sourceTree = "<group>"; };
		B32947AF2B633DEB007C8C1E /* NavigationFlow.swift */ = {isa = PBXFileReference; fileEncoding = 4; lastKnownFileType = sourcecode.swift; path = NavigationFlow.swift; sourceTree = "<group>"; };
		B32947B32B633E3F007C8C1E /* HomeNavigationFlow.swift */ = {isa = PBXFileReference; lastKnownFileType = sourcecode.swift; path = HomeNavigationFlow.swift; sourceTree = "<group>"; };
		B32947B52B633FA6007C8C1E /* ContentView+HomeComposition.swift */ = {isa = PBXFileReference; lastKnownFileType = sourcecode.swift; path = "ContentView+HomeComposition.swift"; sourceTree = "<group>"; };
		B32947BA2B6346D5007C8C1E /* ContentView+CreateHabitComposition.swift */ = {isa = PBXFileReference; lastKnownFileType = sourcecode.swift; path = "ContentView+CreateHabitComposition.swift"; sourceTree = "<group>"; };
		B32947BC2B63473D007C8C1E /* ContentView+HabitDetailComposition.swift */ = {isa = PBXFileReference; lastKnownFileType = sourcecode.swift; path = "ContentView+HabitDetailComposition.swift"; sourceTree = "<group>"; };
		B32947BE2B634B11007C8C1E /* ContentView+HabitRecordDetailComposition.swift */ = {isa = PBXFileReference; lastKnownFileType = sourcecode.swift; path = "ContentView+HabitRecordDetailComposition.swift"; sourceTree = "<group>"; };
		B32947C32B64040B007C8C1E /* EditHabitView.swift */ = {isa = PBXFileReference; lastKnownFileType = sourcecode.swift; path = EditHabitView.swift; sourceTree = "<group>"; };
		B32947C52B640431007C8C1E /* ContentView+EditHabitComposition.swift */ = {isa = PBXFileReference; lastKnownFileType = sourcecode.swift; path = "ContentView+EditHabitComposition.swift"; sourceTree = "<group>"; };
		B32947C72B65950D007C8C1E /* StatisticsView.swift */ = {isa = PBXFileReference; lastKnownFileType = sourcecode.swift; path = StatisticsView.swift; sourceTree = "<group>"; };
		B32947C92B65BFDB007C8C1E /* ContentView+StatisticsComposition.swift */ = {isa = PBXFileReference; lastKnownFileType = sourcecode.swift; path = "ContentView+StatisticsComposition.swift"; sourceTree = "<group>"; };
		B347DE332B7D8C1A00F2FA74 /* TextFieldRow.swift */ = {isa = PBXFileReference; lastKnownFileType = sourcecode.swift; path = TextFieldRow.swift; sourceTree = "<group>"; };
		B347DE352B7DA50C00F2FA74 /* ActivityDetailCalculationType.swift */ = {isa = PBXFileReference; lastKnownFileType = sourcecode.swift; path = ActivityDetailCalculationType.swift; sourceTree = "<group>"; };
		B347DE382B7DA58F00F2FA74 /* ActivityDetailType.swift */ = {isa = PBXFileReference; lastKnownFileType = sourcecode.swift; path = ActivityDetailType.swift; sourceTree = "<group>"; };
		B347DE3A2B7DA69C00F2FA74 /* BJRepositoryError.swift */ = {isa = PBXFileReference; lastKnownFileType = sourcecode.swift; path = BJRepositoryError.swift; sourceTree = "<group>"; };
		B347DE3C2B7E747200F2FA74 /* DecimalNumberPolicy.swift */ = {isa = PBXFileReference; lastKnownFileType = sourcecode.swift; path = DecimalNumberPolicy.swift; sourceTree = "<group>"; };
		B347DE6A2B7FF4EE00F2FA74 /* SizeKey.swift */ = {isa = PBXFileReference; lastKnownFileType = sourcecode.swift; path = SizeKey.swift; sourceTree = "<group>"; };
		B347DE6C2B7FF50800F2FA74 /* View+HeightChangePreference.swift */ = {isa = PBXFileReference; lastKnownFileType = sourcecode.swift; path = "View+HeightChangePreference.swift"; sourceTree = "<group>"; };
		B347DE702B81305700F2FA74 /* View+RecordSheetPresentation.swift */ = {isa = PBXFileReference; lastKnownFileType = sourcecode.swift; path = "View+RecordSheetPresentation.swift"; sourceTree = "<group>"; };
		B347DE7C2B83DFC100F2FA74 /* CreateEditActivityCompletionGoalContent.swift */ = {isa = PBXFileReference; lastKnownFileType = sourcecode.swift; path = CreateEditActivityCompletionGoalContent.swift; sourceTree = "<group>"; };
		B3621E4F2BDDE0F900BE88C2 /* HabitRepositoryFW.framework */ = {isa = PBXFileReference; explicitFileType = wrapper.framework; includeInIndex = 0; path = HabitRepositoryFW.framework; sourceTree = BUILT_PRODUCTS_DIR; };
		B3621E512BDDE0F900BE88C2 /* HabitRepositoryFW.h */ = {isa = PBXFileReference; lastKnownFileType = sourcecode.c.h; path = HabitRepositoryFW.h; sourceTree = "<group>"; };
		B3621E562BDDE0F900BE88C2 /* HabitRepositoryFWTests.xctest */ = {isa = PBXFileReference; explicitFileType = wrapper.cfbundle; includeInIndex = 0; path = HabitRepositoryFWTests.xctest; sourceTree = BUILT_PRODUCTS_DIR; };
		B3621E5D2BDDE0F900BE88C2 /* HabitRepositoryFWTests.swift */ = {isa = PBXFileReference; lastKnownFileType = sourcecode.swift; path = HabitRepositoryFWTests.swift; sourceTree = "<group>"; };
		B3621E6B2BDDE35200BE88C2 /* HabitRepositoryFW.xctestplan */ = {isa = PBXFileReference; lastKnownFileType = text; path = HabitRepositoryFW.xctestplan; sourceTree = "<group>"; };
		B3621E702BDDE3E500BE88C2 /* HabitMePrototypeTests.xctest */ = {isa = PBXFileReference; explicitFileType = wrapper.cfbundle; includeInIndex = 0; path = HabitMePrototypeTests.xctest; sourceTree = BUILT_PRODUCTS_DIR; };
		B3621E722BDDE3E500BE88C2 /* HabitMePrototypeTests.swift */ = {isa = PBXFileReference; lastKnownFileType = sourcecode.swift; path = HabitMePrototypeTests.swift; sourceTree = "<group>"; };
		B37074212B9E0368006FCC4E /* BlockJournalCoreDataDemo.xcdatamodel */ = {isa = PBXFileReference; lastKnownFileType = wrapper.xcdatamodel; path = BlockJournalCoreDataDemo.xcdatamodel; sourceTree = "<group>"; };
		B37074252B9E03E8006FCC4E /* ManagedHabit.swift */ = {isa = PBXFileReference; fileEncoding = 4; lastKnownFileType = sourcecode.swift; path = ManagedHabit.swift; sourceTree = "<group>"; };
		B37074272B9E03E8006FCC4E /* ManagedHabitRecord+CoreDataProperties.swift */ = {isa = PBXFileReference; fileEncoding = 4; lastKnownFileType = sourcecode.swift; path = "ManagedHabitRecord+CoreDataProperties.swift"; sourceTree = "<group>"; };
		B370742A2B9E03E9006FCC4E /* ManagedActivityDetailRecord+CoreDataProperties.swift */ = {isa = PBXFileReference; fileEncoding = 4; lastKnownFileType = sourcecode.swift; path = "ManagedActivityDetailRecord+CoreDataProperties.swift"; sourceTree = "<group>"; };
		B370742B2B9E03E9006FCC4E /* ManagedActivityDetail+CoreDataProperties.swift */ = {isa = PBXFileReference; fileEncoding = 4; lastKnownFileType = sourcecode.swift; path = "ManagedActivityDetail+CoreDataProperties.swift"; sourceTree = "<group>"; };
		B37074342B9E088C006FCC4E /* CoreDataBlockHabitStore.swift */ = {isa = PBXFileReference; lastKnownFileType = sourcecode.swift; path = CoreDataBlockHabitStore.swift; sourceTree = "<group>"; };
		B37AC76D2BA082E00052552B /* Date+GraphDisplayDate.swift */ = {isa = PBXFileReference; lastKnownFileType = sourcecode.swift; path = "Date+GraphDisplayDate.swift"; sourceTree = "<group>"; };
		B37AC7702BA0859D0052552B /* HabitRecordsForDateFRCDataSourceAdapter.swift */ = {isa = PBXFileReference; lastKnownFileType = sourcecode.swift; path = HabitRecordsForDateFRCDataSourceAdapter.swift; sourceTree = "<group>"; };
		B37AC7722BA0860F0052552B /* HabitFRCDataSourceAdapter.swift */ = {isa = PBXFileReference; lastKnownFileType = sourcecode.swift; path = HabitFRCDataSourceAdapter.swift; sourceTree = "<group>"; };
		B37AC7752BA086E50052552B /* HomeViewModel.swift */ = {isa = PBXFileReference; lastKnownFileType = sourcecode.swift; path = HomeViewModel.swift; sourceTree = "<group>"; };
		B37AC7772BA0880F0052552B /* CoreDataBlockHabitStore+habitDataSource.swift */ = {isa = PBXFileReference; lastKnownFileType = sourcecode.swift; path = "CoreDataBlockHabitStore+habitDataSource.swift"; sourceTree = "<group>"; };
		B37AC77A2BAF53760052552B /* Habit.swift */ = {isa = PBXFileReference; lastKnownFileType = sourcecode.swift; path = Habit.swift; sourceTree = "<group>"; };
		B37AC77C2BAF67310052552B /* ActivityDetailSortable.swift */ = {isa = PBXFileReference; lastKnownFileType = sourcecode.swift; path = ActivityDetailSortable.swift; sourceTree = "<group>"; };
		B37AC77E2BAF6B9A0052552B /* CoreDataBlockHabitStore+HabitRecord.swift */ = {isa = PBXFileReference; lastKnownFileType = sourcecode.swift; path = "CoreDataBlockHabitStore+HabitRecord.swift"; sourceTree = "<group>"; };
		B37AC7802BAF6C9D0052552B /* HaloRepositoryError.swift */ = {isa = PBXFileReference; lastKnownFileType = sourcecode.swift; path = HaloRepositoryError.swift; sourceTree = "<group>"; };
		B37AC7842BB1C2F20052552B /* CoreDataBlockHabitStore+Habit.swift */ = {isa = PBXFileReference; lastKnownFileType = sourcecode.swift; path = "CoreDataBlockHabitStore+Habit.swift"; sourceTree = "<group>"; };
		B3B2F2F42BDFC84000240EB0 /* HabitMenuDataSourceTests.swift */ = {isa = PBXFileReference; lastKnownFileType = sourcecode.swift; path = HabitMenuDataSourceTests.swift; sourceTree = "<group>"; };
		B3B2F2F72BDFC9D800240EB0 /* Habit.swift */ = {isa = PBXFileReference; lastKnownFileType = sourcecode.swift; path = Habit.swift; sourceTree = "<group>"; };
		B3B2F2F92BDFC9EC00240EB0 /* ActivityDetail.swift */ = {isa = PBXFileReference; lastKnownFileType = sourcecode.swift; path = ActivityDetail.swift; sourceTree = "<group>"; };
		B3B2F2FC2BDFCA3700240EB0 /* IsCompletedHabit.swift */ = {isa = PBXFileReference; lastKnownFileType = sourcecode.swift; path = IsCompletedHabit.swift; sourceTree = "<group>"; };
		B3B2F2FE2BDFCA4E00240EB0 /* HabitRecord.swift */ = {isa = PBXFileReference; lastKnownFileType = sourcecode.swift; path = HabitRecord.swift; sourceTree = "<group>"; };
		B3B2F3002BDFCA9700240EB0 /* ActivityDetailRecord.swift */ = {isa = PBXFileReference; lastKnownFileType = sourcecode.swift; path = ActivityDetailRecord.swift; sourceTree = "<group>"; };
		B3B2F3042BDFCB7F00240EB0 /* ActivityDetailCalculationType+UI.swift */ = {isa = PBXFileReference; lastKnownFileType = sourcecode.swift; path = "ActivityDetailCalculationType+UI.swift"; sourceTree = "<group>"; };
		B3B2F3062BDFCC2100240EB0 /* Habit+UI.swift */ = {isa = PBXFileReference; lastKnownFileType = sourcecode.swift; path = "Habit+UI.swift"; sourceTree = "<group>"; };
		B3B2F3082BDFCC9000240EB0 /* ActivityDetailType+UI.swift */ = {isa = PBXFileReference; lastKnownFileType = sourcecode.swift; path = "ActivityDetailType+UI.swift"; sourceTree = "<group>"; };
		B3B2F31A2BE2850000240EB0 /* HabitMenuDataSource.swift */ = {isa = PBXFileReference; lastKnownFileType = sourcecode.swift; path = HabitMenuDataSource.swift; sourceTree = "<group>"; };
		B3B2F31D2BE2864E00240EB0 /* ManagedHabit+FetchRequest.swift */ = {isa = PBXFileReference; lastKnownFileType = sourcecode.swift; path = "ManagedHabit+FetchRequest.swift"; sourceTree = "<group>"; };
		B3B403832B702AEA00D1967E /* ContentView+CreateActivityRecordWithDetailsComposition.swift */ = {isa = PBXFileReference; lastKnownFileType = sourcecode.swift; path = "ContentView+CreateActivityRecordWithDetailsComposition.swift"; sourceTree = "<group>"; };
		B3B403862B7128A100D1967E /* ActivityRecordCreationPolicy.swift */ = {isa = PBXFileReference; lastKnownFileType = sourcecode.swift; path = ActivityRecordCreationPolicy.swift; sourceTree = "<group>"; };
		B3B403882B7132F000D1967E /* ActivityDetailRecord.swift */ = {isa = PBXFileReference; lastKnownFileType = sourcecode.swift; path = ActivityDetailRecord.swift; sourceTree = "<group>"; };
		B3B4038B2B7133F100D1967E /* ActivityRecordCreator.swift */ = {isa = PBXFileReference; lastKnownFileType = sourcecode.swift; path = ActivityRecordCreator.swift; sourceTree = "<group>"; };
		B3BFE9E42B7520DB00DE7617 /* ActivityDetailLineMarkChart.swift */ = {isa = PBXFileReference; lastKnownFileType = sourcecode.swift; path = ActivityDetailLineMarkChart.swift; sourceTree = "<group>"; };
		B3BFE9E62B75268B00DE7617 /* LineChartActivityDetailData.swift */ = {isa = PBXFileReference; lastKnownFileType = sourcecode.swift; path = LineChartActivityDetailData.swift; sourceTree = "<group>"; };
		B3BFEA072B765C5500DE7617 /* CGFloat+Constants.swift */ = {isa = PBXFileReference; lastKnownFileType = sourcecode.swift; path = "CGFloat+Constants.swift"; sourceTree = "<group>"; };
		B3BFEA092B76635000DE7617 /* ActivityRecordRow.swift */ = {isa = PBXFileReference; lastKnownFileType = sourcecode.swift; path = ActivityRecordRow.swift; sourceTree = "<group>"; };
		B3BFEA0B2B76672500DE7617 /* BJAsset.swift */ = {isa = PBXFileReference; lastKnownFileType = sourcecode.swift; path = BJAsset.swift; sourceTree = "<group>"; };
		B3BFEA0E2B76769900DE7617 /* NumberTextField.swift */ = {isa = PBXFileReference; lastKnownFileType = sourcecode.swift; path = NumberTextField.swift; sourceTree = "<group>"; };
		B3BFEA102B76806100DE7617 /* Color+Constants.swift */ = {isa = PBXFileReference; lastKnownFileType = sourcecode.swift; path = "Color+Constants.swift"; sourceTree = "<group>"; };
		B3BFEA132B77FF6B00DE7617 /* DisplayDatePolicy.swift */ = {isa = PBXFileReference; lastKnownFileType = sourcecode.swift; path = DisplayDatePolicy.swift; sourceTree = "<group>"; };
		B3BFEA152B781A1A00DE7617 /* String+Constants.swift */ = {isa = PBXFileReference; lastKnownFileType = sourcecode.swift; path = "String+Constants.swift"; sourceTree = "<group>"; };
		B3BFEA172B7838B400DE7617 /* ActivityDetailSummaryRow.swift */ = {isa = PBXFileReference; lastKnownFileType = sourcecode.swift; path = ActivityDetailSummaryRow.swift; sourceTree = "<group>"; };
		B3BFEA192B791F8800DE7617 /* CreateActivityDetailView.swift */ = {isa = PBXFileReference; lastKnownFileType = sourcecode.swift; path = CreateActivityDetailView.swift; sourceTree = "<group>"; };
		B3BFEA1B2B7A632000DE7617 /* ContentView+CreateActivityDetailComposition.swift */ = {isa = PBXFileReference; lastKnownFileType = sourcecode.swift; path = "ContentView+CreateActivityDetailComposition.swift"; sourceTree = "<group>"; };
		B3BFEA1D2B7BBF1400DE7617 /* ModelContext+CreateActivityDetail.swift */ = {isa = PBXFileReference; lastKnownFileType = sourcecode.swift; path = "ModelContext+CreateActivityDetail.swift"; sourceTree = "<group>"; };
		B3C97F252B5CE95000211B4C /* BJBarChart.swift */ = {isa = PBXFileReference; lastKnownFileType = sourcecode.swift; path = BJBarChart.swift; sourceTree = "<group>"; };
		B3C97F272B5CE97500211B4C /* HabitsMenu.swift */ = {isa = PBXFileReference; lastKnownFileType = sourcecode.swift; path = HabitsMenu.swift; sourceTree = "<group>"; };
		B3C97F292B5CE99200211B4C /* HomeView.swift */ = {isa = PBXFileReference; lastKnownFileType = sourcecode.swift; path = HomeView.swift; sourceTree = "<group>"; };
		B3C97F2B2B5CE9CB00211B4C /* CreateHabitView.swift */ = {isa = PBXFileReference; lastKnownFileType = sourcecode.swift; path = CreateHabitView.swift; sourceTree = "<group>"; };
		B3C9E5172B698C7D00153158 /* ModelContext+DeleteHabit.swift */ = {isa = PBXFileReference; lastKnownFileType = sourcecode.swift; path = "ModelContext+DeleteHabit.swift"; sourceTree = "<group>"; };
		B3C9E5192B698CAC00153158 /* ModelContext+Info.swift */ = {isa = PBXFileReference; lastKnownFileType = sourcecode.swift; path = "ModelContext+Info.swift"; sourceTree = "<group>"; };
		B3C9E51F2B6B1A0800153158 /* AddDetailSelectionView.swift */ = {isa = PBXFileReference; lastKnownFileType = sourcecode.swift; path = AddDetailSelectionView.swift; sourceTree = "<group>"; };
		B3C9E5212B6B1AB400153158 /* ContentView+AddDetailSelectionComposition.swift */ = {isa = PBXFileReference; lastKnownFileType = sourcecode.swift; path = "ContentView+AddDetailSelectionComposition.swift"; sourceTree = "<group>"; };
		B3C9E5432B6BD9FE00153158 /* ActivityDetailSeedData.json */ = {isa = PBXFileReference; lastKnownFileType = text.json; path = ActivityDetailSeedData.json; sourceTree = "<group>"; };
		B3C9E5462B6BDC9900153158 /* DataActivityDetail.swift */ = {isa = PBXFileReference; lastKnownFileType = sourcecode.swift; path = DataActivityDetail.swift; sourceTree = "<group>"; };
		B3C9E5482B6E982E00153158 /* CreateHabitRecordWithDetailsView.swift */ = {isa = PBXFileReference; lastKnownFileType = sourcecode.swift; path = CreateHabitRecordWithDetailsView.swift; sourceTree = "<group>"; };
		B3C9E54B2B6EC0A600153158 /* View+TextFieldStyle.swift */ = {isa = PBXFileReference; lastKnownFileType = sourcecode.swift; path = "View+TextFieldStyle.swift"; sourceTree = "<group>"; };
		B3C9E54D2B6EC5C900153158 /* View+SectionBackground.swift */ = {isa = PBXFileReference; lastKnownFileType = sourcecode.swift; path = "View+SectionBackground.swift"; sourceTree = "<group>"; };
		B3C9E54F2B6F16F100153158 /* View+Font.swift */ = {isa = PBXFileReference; lastKnownFileType = sourcecode.swift; path = "View+Font.swift"; sourceTree = "<group>"; };
		B3C9E5622B6F25EB00153158 /* View+toolbar.swift */ = {isa = PBXFileReference; lastKnownFileType = sourcecode.swift; path = "View+toolbar.swift"; sourceTree = "<group>"; };
		B3CC60AC2B5EA94A0074ED41 /* DataHabit.swift */ = {isa = PBXFileReference; lastKnownFileType = sourcecode.swift; path = DataHabit.swift; sourceTree = "<group>"; };
		B3E34F6C2BBC31B900E1699A /* HabitRecordsForDateByHabitFRCDataSourceAdapter.swift */ = {isa = PBXFileReference; lastKnownFileType = sourcecode.swift; path = HabitRecordsForDateByHabitFRCDataSourceAdapter.swift; sourceTree = "<group>"; };
/* End PBXFileReference section */

/* Begin PBXFrameworksBuildPhase section */
		B313EEAC2B5C4C93002AE8CE /* Frameworks */ = {
			isa = PBXFrameworksBuildPhase;
			buildActionMask = 2147483647;
			files = (
				B3621E622BDDE0F900BE88C2 /* HabitRepositoryFW.framework in Frameworks */,
			);
			runOnlyForDeploymentPostprocessing = 0;
		};
		B3621E4C2BDDE0F900BE88C2 /* Frameworks */ = {
			isa = PBXFrameworksBuildPhase;
			buildActionMask = 2147483647;
			files = (
			);
			runOnlyForDeploymentPostprocessing = 0;
		};
		B3621E532BDDE0F900BE88C2 /* Frameworks */ = {
			isa = PBXFrameworksBuildPhase;
			buildActionMask = 2147483647;
			files = (
				B3621E572BDDE0F900BE88C2 /* HabitRepositoryFW.framework in Frameworks */,
			);
			runOnlyForDeploymentPostprocessing = 0;
		};
		B3621E6D2BDDE3E500BE88C2 /* Frameworks */ = {
			isa = PBXFrameworksBuildPhase;
			buildActionMask = 2147483647;
			files = (
			);
			runOnlyForDeploymentPostprocessing = 0;
		};
/* End PBXFrameworksBuildPhase section */

/* Begin PBXGroup section */
		B313EEA62B5C4C93002AE8CE = {
			isa = PBXGroup;
			children = (
				B3621E6B2BDDE35200BE88C2 /* HabitRepositoryFW.xctestplan */,
				B313EEB12B5C4C93002AE8CE /* HabitMePrototype */,
				B3621E712BDDE3E500BE88C2 /* HabitMePrototypeTests */,
				B3621E502BDDE0F900BE88C2 /* HabitRepositoryFW */,
				B3621E5C2BDDE0F900BE88C2 /* HabitRepositoryFWTests */,
				B313EEB02B5C4C93002AE8CE /* Products */,
			);
			sourceTree = "<group>";
		};
		B313EEB02B5C4C93002AE8CE /* Products */ = {
			isa = PBXGroup;
			children = (
				B313EEAF2B5C4C93002AE8CE /* HabitMePrototype.app */,
				B3621E4F2BDDE0F900BE88C2 /* HabitRepositoryFW.framework */,
				B3621E562BDDE0F900BE88C2 /* HabitRepositoryFWTests.xctest */,
				B3621E702BDDE3E500BE88C2 /* HabitMePrototypeTests.xctest */,
			);
			name = Products;
			sourceTree = "<group>";
		};
		B313EEB12B5C4C93002AE8CE /* HabitMePrototype */ = {
			isa = PBXGroup;
			children = (
				B3C97F2E2B5CEA4B00211B4C /* Supporting Files */,
				B3C97F1A2B5CE88600211B4C /* HabitRepository */,
				B3C97F202B5CE8FA00211B4C /* iOSHabitMe */,
				B3C97F2D2B5CEA2500211B4C /* HabitMeComposition */,
			);
			path = HabitMePrototype;
			sourceTree = "<group>";
		};
		B313EEB82B5C4C99002AE8CE /* Preview Content */ = {
			isa = PBXGroup;
			children = (
				B313EEB92B5C4C99002AE8CE /* Preview Assets.xcassets */,
			);
			path = "Preview Content";
			sourceTree = "<group>";
		};
		B32947AD2B633DEB007C8C1E /* Navigation Support Files */ = {
			isa = PBXGroup;
			children = (
				B32947AE2B633DEB007C8C1E /* View+FlowNavigationDestination.swift */,
				B32947AF2B633DEB007C8C1E /* NavigationFlow.swift */,
			);
			path = "Navigation Support Files";
			sourceTree = "<group>";
		};
		B32947B22B633E33007C8C1E /* Home */ = {
			isa = PBXGroup;
			children = (
				B32947B32B633E3F007C8C1E /* HomeNavigationFlow.swift */,
				B32947B52B633FA6007C8C1E /* ContentView+HomeComposition.swift */,
			);
			path = Home;
			sourceTree = "<group>";
		};
		B32947B72B634636007C8C1E /* ViewComposition */ = {
			isa = PBXGroup;
			children = (
				B32947B22B633E33007C8C1E /* Home */,
				B32947BA2B6346D5007C8C1E /* ContentView+CreateHabitComposition.swift */,
				B32947BC2B63473D007C8C1E /* ContentView+HabitDetailComposition.swift */,
				B32947BE2B634B11007C8C1E /* ContentView+HabitRecordDetailComposition.swift */,
				B32947C52B640431007C8C1E /* ContentView+EditHabitComposition.swift */,
				B32947C92B65BFDB007C8C1E /* ContentView+StatisticsComposition.swift */,
				B3C9E5212B6B1AB400153158 /* ContentView+AddDetailSelectionComposition.swift */,
				B3B403832B702AEA00D1967E /* ContentView+CreateActivityRecordWithDetailsComposition.swift */,
				B3BFEA1B2B7A632000DE7617 /* ContentView+CreateActivityDetailComposition.swift */,
				B347DE702B81305700F2FA74 /* View+RecordSheetPresentation.swift */,
			);
			path = ViewComposition;
			sourceTree = "<group>";
		};
		B347DE372B7DA55A00F2FA74 /* Enums */ = {
			isa = PBXGroup;
			children = (
				B347DE3A2B7DA69C00F2FA74 /* BJRepositoryError.swift */,
			);
			path = Enums;
			sourceTree = "<group>";
		};
		B347DE692B7FF4D900F2FA74 /* Helpers */ = {
			isa = PBXGroup;
			children = (
				B3BFEA122B77F9D100DE7617 /* BJStyle */,
				B347DE6A2B7FF4EE00F2FA74 /* SizeKey.swift */,
				B347DE6C2B7FF50800F2FA74 /* View+HeightChangePreference.swift */,
			);
			path = Helpers;
			sourceTree = "<group>";
		};
		B3621E502BDDE0F900BE88C2 /* HabitRepositoryFW */ = {
			isa = PBXGroup;
			children = (
				B3B2F30B2BE0036800240EB0 /* CoreData */,
				B3B2F2F62BDFC9C800240EB0 /* Model */,
				B3621E512BDDE0F900BE88C2 /* HabitRepositoryFW.h */,
			);
			path = HabitRepositoryFW;
			sourceTree = "<group>";
		};
		B3621E5C2BDDE0F900BE88C2 /* HabitRepositoryFWTests */ = {
			isa = PBXGroup;
			children = (
				B3621E5D2BDDE0F900BE88C2 /* HabitRepositoryFWTests.swift */,
				B3B2F2F42BDFC84000240EB0 /* HabitMenuDataSourceTests.swift */,
			);
			path = HabitRepositoryFWTests;
			sourceTree = "<group>";
		};
		B3621E712BDDE3E500BE88C2 /* HabitMePrototypeTests */ = {
			isa = PBXGroup;
			children = (
				B3621E722BDDE3E500BE88C2 /* HabitMePrototypeTests.swift */,
			);
			path = HabitMePrototypeTests;
			sourceTree = "<group>";
		};
		B37074232B9E03C9006FCC4E /* CoreData */ = {
			isa = PBXGroup;
			children = (
			);
			path = CoreData;
			sourceTree = "<group>";
		};
		B37AC76F2BA085640052552B /* DataSources  */ = {
			isa = PBXGroup;
			children = (
				B37AC7702BA0859D0052552B /* HabitRecordsForDateFRCDataSourceAdapter.swift */,
				B37AC7722BA0860F0052552B /* HabitFRCDataSourceAdapter.swift */,
				B37AC7772BA0880F0052552B /* CoreDataBlockHabitStore+habitDataSource.swift */,
				B3E34F6C2BBC31B900E1699A /* HabitRecordsForDateByHabitFRCDataSourceAdapter.swift */,
			);
			path = "DataSources ";
			sourceTree = "<group>";
		};
		B37AC7742BA086D90052552B /* ViewModels */ = {
			isa = PBXGroup;
			children = (
				B37AC7752BA086E50052552B /* HomeViewModel.swift */,
			);
			path = ViewModels;
			sourceTree = "<group>";
		};
		B37AC7792BAF53690052552B /* Models */ = {
			isa = PBXGroup;
			children = (
				B37AC77A2BAF53760052552B /* Habit.swift */,
				B3B2F3042BDFCB7F00240EB0 /* ActivityDetailCalculationType+UI.swift */,
				B3B2F3062BDFCC2100240EB0 /* Habit+UI.swift */,
				B3B2F3082BDFCC9000240EB0 /* ActivityDetailType+UI.swift */,
			);
			path = Models;
			sourceTree = "<group>";
		};
		B3B2F2F62BDFC9C800240EB0 /* Model */ = {
			isa = PBXGroup;
			children = (
				B37AC7802BAF6C9D0052552B /* HaloRepositoryError.swift */,
				B3B2F2F72BDFC9D800240EB0 /* Habit.swift */,
				B3B2F2FE2BDFCA4E00240EB0 /* HabitRecord.swift */,
				B3B2F2F92BDFC9EC00240EB0 /* ActivityDetail.swift */,
				B37AC77C2BAF67310052552B /* ActivityDetailSortable.swift */,
				B347DE352B7DA50C00F2FA74 /* ActivityDetailCalculationType.swift */,
				B347DE382B7DA58F00F2FA74 /* ActivityDetailType.swift */,
				B3B2F2FC2BDFCA3700240EB0 /* IsCompletedHabit.swift */,
				B3B2F3002BDFCA9700240EB0 /* ActivityDetailRecord.swift */,
			);
			path = Model;
			sourceTree = "<group>";
		};
		B3B2F30B2BE0036800240EB0 /* CoreData */ = {
			isa = PBXGroup;
			children = (
				B3B2F31C2BE285E400240EB0 /* Models */,
				B3B2F3192BE2846900240EB0 /* DataSources2 */,
				B37AC76F2BA085640052552B /* DataSources  */,
				B37074202B9E0368006FCC4E /* BlockHabit.xcdatamodeld */,
				B37074342B9E088C006FCC4E /* CoreDataBlockHabitStore.swift */,
				B370742B2B9E03E9006FCC4E /* ManagedActivityDetail+CoreDataProperties.swift */,
				B370742A2B9E03E9006FCC4E /* ManagedActivityDetailRecord+CoreDataProperties.swift */,
				B37074272B9E03E8006FCC4E /* ManagedHabitRecord+CoreDataProperties.swift */,
				B37AC77E2BAF6B9A0052552B /* CoreDataBlockHabitStore+HabitRecord.swift */,
				B37AC7842BB1C2F20052552B /* CoreDataBlockHabitStore+Habit.swift */,
			);
			path = CoreData;
			sourceTree = "<group>";
		};
		B3B2F3192BE2846900240EB0 /* DataSources2 */ = {
			isa = PBXGroup;
			children = (
				B3B2F31A2BE2850000240EB0 /* HabitMenuDataSource.swift */,
			);
			path = DataSources2;
			sourceTree = "<group>";
		};
		B3B2F31C2BE285E400240EB0 /* Models */ = {
			isa = PBXGroup;
			children = (
				B37074252B9E03E8006FCC4E /* ManagedHabit.swift */,
				B3B2F31D2BE2864E00240EB0 /* ManagedHabit+FetchRequest.swift */,
			);
			path = Models;
			sourceTree = "<group>";
		};
		B3B403852B71237900D1967E /* Policies */ = {
			isa = PBXGroup;
			children = (
				B3B403862B7128A100D1967E /* ActivityRecordCreationPolicy.swift */,
				B3BFEA132B77FF6B00DE7617 /* DisplayDatePolicy.swift */,
				B347DE3C2B7E747200F2FA74 /* DecimalNumberPolicy.swift */,
			);
			path = Policies;
			sourceTree = "<group>";
		};
		B3B4038A2B71331E00D1967E /* Protocols */ = {
			isa = PBXGroup;
			children = (
				B3B4038B2B7133F100D1967E /* ActivityRecordCreator.swift */,
			);
			path = Protocols;
			sourceTree = "<group>";
		};
		B3BFE9E32B75207C00DE7617 /* Charts */ = {
			isa = PBXGroup;
			children = (
				B3C97F252B5CE95000211B4C /* BJBarChart.swift */,
				B3BFE9E42B7520DB00DE7617 /* ActivityDetailLineMarkChart.swift */,
			);
			path = Charts;
			sourceTree = "<group>";
		};
		B3BFEA0D2B76767E00DE7617 /* TextFields */ = {
			isa = PBXGroup;
			children = (
				B3BFEA0E2B76769900DE7617 /* NumberTextField.swift */,
				B347DE332B7D8C1A00F2FA74 /* TextFieldRow.swift */,
			);
			path = TextFields;
			sourceTree = "<group>";
		};
		B3BFEA122B77F9D100DE7617 /* BJStyle */ = {
			isa = PBXGroup;
			children = (
				B3C9E54A2B6EC06F00153158 /* Modifiers */,
				B3BFEA072B765C5500DE7617 /* CGFloat+Constants.swift */,
				B3BFEA102B76806100DE7617 /* Color+Constants.swift */,
				B3BFEA152B781A1A00DE7617 /* String+Constants.swift */,
			);
			path = BJStyle;
			sourceTree = "<group>";
		};
		B3C97F142B5CE83600211B4C /* Cache */ = {
			isa = PBXGroup;
			children = (
				B37074232B9E03C9006FCC4E /* CoreData */,
				B3C9E5422B6BD9B500153158 /* SeedData */,
				B3CC60AB2B5EA9380074ED41 /* SwiftData */,
			);
			path = Cache;
			sourceTree = "<group>";
		};
		B3C97F1A2B5CE88600211B4C /* HabitRepository */ = {
			isa = PBXGroup;
			children = (
				B37AC7792BAF53690052552B /* Models */,
				B3B4038A2B71331E00D1967E /* Protocols */,
				B3C97F142B5CE83600211B4C /* Cache */,
				B3B403852B71237900D1967E /* Policies */,
			);
			path = HabitRepository;
			sourceTree = "<group>";
		};
		B3C97F202B5CE8FA00211B4C /* iOSHabitMe */ = {
			isa = PBXGroup;
			children = (
				B37AC7742BA086D90052552B /* ViewModels */,
				B347DE692B7FF4D900F2FA74 /* Helpers */,
				B3C97F242B5CE94500211B4C /* Views */,
				B3C97F212B5CE91500211B4C /* Models */,
				B32947A12B5FFD36007C8C1E /* UIColor+Hex.swift */,
				B32947A92B61E848007C8C1E /* DateFormatter+Reusable.swift */,
				B3BFEA0B2B76672500DE7617 /* BJAsset.swift */,
				B37AC76D2BA082E00052552B /* Date+GraphDisplayDate.swift */,
			);
			path = iOSHabitMe;
			sourceTree = "<group>";
		};
		B3C97F212B5CE91500211B4C /* Models */ = {
			isa = PBXGroup;
			children = (
				B3B403882B7132F000D1967E /* ActivityDetailRecord.swift */,
				B3BFE9E62B75268B00DE7617 /* LineChartActivityDetailData.swift */,
			);
			path = Models;
			sourceTree = "<group>";
		};
		B3C97F242B5CE94500211B4C /* Views */ = {
			isa = PBXGroup;
			children = (
				B3BFEA0D2B76767E00DE7617 /* TextFields */,
				B3BFE9E32B75207C00DE7617 /* Charts */,
				B3C97F272B5CE97500211B4C /* HabitsMenu.swift */,
				B3C97F292B5CE99200211B4C /* HomeView.swift */,
				B3C97F2B2B5CE9CB00211B4C /* CreateHabitView.swift */,
				B32947A32B601CD3007C8C1E /* HabitDetailView.swift */,
				B32947A72B61E0E1007C8C1E /* DayView.swift */,
				B32947AB2B62AD2E007C8C1E /* HabitRecordDetailView.swift */,
				B32947C32B64040B007C8C1E /* EditHabitView.swift */,
				B32947C72B65950D007C8C1E /* StatisticsView.swift */,
				B3C9E51F2B6B1A0800153158 /* AddDetailSelectionView.swift */,
				B3C9E5482B6E982E00153158 /* CreateHabitRecordWithDetailsView.swift */,
				B3BFEA092B76635000DE7617 /* ActivityRecordRow.swift */,
				B3BFEA172B7838B400DE7617 /* ActivityDetailSummaryRow.swift */,
				B3BFEA192B791F8800DE7617 /* CreateActivityDetailView.swift */,
				B347DE7C2B83DFC100F2FA74 /* CreateEditActivityCompletionGoalContent.swift */,
			);
			path = Views;
			sourceTree = "<group>";
		};
		B3C97F2D2B5CEA2500211B4C /* HabitMeComposition */ = {
			isa = PBXGroup;
			children = (
				B32947B72B634636007C8C1E /* ViewComposition */,
				B32947AD2B633DEB007C8C1E /* Navigation Support Files */,
				B313EEB22B5C4C93002AE8CE /* HabitMePrototypeApp.swift */,
				B313EEB42B5C4C93002AE8CE /* ContentView.swift */,
			);
			path = HabitMeComposition;
			sourceTree = "<group>";
		};
		B3C97F2E2B5CEA4B00211B4C /* Supporting Files */ = {
			isa = PBXGroup;
			children = (
				B313EEB62B5C4C99002AE8CE /* Assets.xcassets */,
				B313EEB82B5C4C99002AE8CE /* Preview Content */,
			);
			name = "Supporting Files";
			sourceTree = "<group>";
		};
		B3C9E5422B6BD9B500153158 /* SeedData */ = {
			isa = PBXGroup;
			children = (
				B3C9E5432B6BD9FE00153158 /* ActivityDetailSeedData.json */,
			);
			path = SeedData;
			sourceTree = "<group>";
		};
		B3C9E5452B6BDC8100153158 /* Models */ = {
			isa = PBXGroup;
			children = (
				B347DE372B7DA55A00F2FA74 /* Enums */,
				B3CC60AC2B5EA94A0074ED41 /* DataHabit.swift */,
				B3C9E5462B6BDC9900153158 /* DataActivityDetail.swift */,
			);
			path = Models;
			sourceTree = "<group>";
		};
		B3C9E54A2B6EC06F00153158 /* Modifiers */ = {
			isa = PBXGroup;
			children = (
				B3C9E54B2B6EC0A600153158 /* View+TextFieldStyle.swift */,
				B3C9E54D2B6EC5C900153158 /* View+SectionBackground.swift */,
				B3C9E54F2B6F16F100153158 /* View+Font.swift */,
				B3C9E5622B6F25EB00153158 /* View+toolbar.swift */,
			);
			path = Modifiers;
			sourceTree = "<group>";
		};
		B3CC60AB2B5EA9380074ED41 /* SwiftData */ = {
			isa = PBXGroup;
			children = (
				B3C9E5452B6BDC8100153158 /* Models */,
				B32947A52B606713007C8C1E /* SwiftDataHabitRepository.swift */,
				B3C9E5172B698C7D00153158 /* ModelContext+DeleteHabit.swift */,
				B3C9E5192B698CAC00153158 /* ModelContext+Info.swift */,
				B3BFEA1D2B7BBF1400DE7617 /* ModelContext+CreateActivityDetail.swift */,
			);
			path = SwiftData;
			sourceTree = "<group>";
		};
/* End PBXGroup section */

/* Begin PBXHeadersBuildPhase section */
		B3621E4A2BDDE0F900BE88C2 /* Headers */ = {
			isa = PBXHeadersBuildPhase;
			buildActionMask = 2147483647;
			files = (
				B3621E5F2BDDE0F900BE88C2 /* HabitRepositoryFW.h in Headers */,
			);
			runOnlyForDeploymentPostprocessing = 0;
		};
/* End PBXHeadersBuildPhase section */

/* Begin PBXNativeTarget section */
		B313EEAE2B5C4C93002AE8CE /* HabitMePrototype */ = {
			isa = PBXNativeTarget;
			buildConfigurationList = B313EEBD2B5C4C99002AE8CE /* Build configuration list for PBXNativeTarget "HabitMePrototype" */;
			buildPhases = (
				B313EEAB2B5C4C93002AE8CE /* Sources */,
				B313EEAC2B5C4C93002AE8CE /* Frameworks */,
				B313EEAD2B5C4C93002AE8CE /* Resources */,
				B3621E642BDDE0F900BE88C2 /* Embed Frameworks */,
			);
			buildRules = (
			);
			dependencies = (
				B3621E612BDDE0F900BE88C2 /* PBXTargetDependency */,
			);
			name = HabitMePrototype;
			productName = HabitMePrototype;
			productReference = B313EEAF2B5C4C93002AE8CE /* HabitMePrototype.app */;
			productType = "com.apple.product-type.application";
		};
		B3621E4E2BDDE0F900BE88C2 /* HabitRepositoryFW */ = {
			isa = PBXNativeTarget;
			buildConfigurationList = B3621E692BDDE0F900BE88C2 /* Build configuration list for PBXNativeTarget "HabitRepositoryFW" */;
			buildPhases = (
				B3621E4A2BDDE0F900BE88C2 /* Headers */,
				B3621E4B2BDDE0F900BE88C2 /* Sources */,
				B3621E4C2BDDE0F900BE88C2 /* Frameworks */,
				B3621E4D2BDDE0F900BE88C2 /* Resources */,
			);
			buildRules = (
			);
			dependencies = (
			);
			name = HabitRepositoryFW;
			productName = HabitRepositoryFW;
			productReference = B3621E4F2BDDE0F900BE88C2 /* HabitRepositoryFW.framework */;
			productType = "com.apple.product-type.framework";
		};
		B3621E552BDDE0F900BE88C2 /* HabitRepositoryFWTests */ = {
			isa = PBXNativeTarget;
			buildConfigurationList = B3621E6A2BDDE0F900BE88C2 /* Build configuration list for PBXNativeTarget "HabitRepositoryFWTests" */;
			buildPhases = (
				B3621E522BDDE0F900BE88C2 /* Sources */,
				B3621E532BDDE0F900BE88C2 /* Frameworks */,
				B3621E542BDDE0F900BE88C2 /* Resources */,
			);
			buildRules = (
			);
			dependencies = (
				B3621E592BDDE0F900BE88C2 /* PBXTargetDependency */,
				B3621E5B2BDDE0F900BE88C2 /* PBXTargetDependency */,
			);
			name = HabitRepositoryFWTests;
			productName = HabitRepositoryFWTests;
			productReference = B3621E562BDDE0F900BE88C2 /* HabitRepositoryFWTests.xctest */;
			productType = "com.apple.product-type.bundle.unit-test";
		};
		B3621E6F2BDDE3E500BE88C2 /* HabitMePrototypeTests */ = {
			isa = PBXNativeTarget;
			buildConfigurationList = B3621E762BDDE3E600BE88C2 /* Build configuration list for PBXNativeTarget "HabitMePrototypeTests" */;
			buildPhases = (
				B3621E6C2BDDE3E500BE88C2 /* Sources */,
				B3621E6D2BDDE3E500BE88C2 /* Frameworks */,
				B3621E6E2BDDE3E500BE88C2 /* Resources */,
			);
			buildRules = (
			);
			dependencies = (
				B3621E752BDDE3E500BE88C2 /* PBXTargetDependency */,
			);
			name = HabitMePrototypeTests;
			productName = HabitMePrototypeTests;
			productReference = B3621E702BDDE3E500BE88C2 /* HabitMePrototypeTests.xctest */;
			productType = "com.apple.product-type.bundle.unit-test";
		};
/* End PBXNativeTarget section */

/* Begin PBXProject section */
		B313EEA72B5C4C93002AE8CE /* Project object */ = {
			isa = PBXProject;
			attributes = {
				BuildIndependentTargetsInParallel = 1;
				LastSwiftUpdateCheck = 1520;
				LastUpgradeCheck = 1510;
				TargetAttributes = {
					B313EEAE2B5C4C93002AE8CE = {
						CreatedOnToolsVersion = 15.1;
					};
					B3621E4E2BDDE0F900BE88C2 = {
						CreatedOnToolsVersion = 15.2;
						LastSwiftMigration = 1520;
					};
					B3621E552BDDE0F900BE88C2 = {
						CreatedOnToolsVersion = 15.2;
					};
					B3621E6F2BDDE3E500BE88C2 = {
						CreatedOnToolsVersion = 15.2;
						TestTargetID = B313EEAE2B5C4C93002AE8CE;
					};
				};
			};
			buildConfigurationList = B313EEAA2B5C4C93002AE8CE /* Build configuration list for PBXProject "HabitMePrototype" */;
			compatibilityVersion = "Xcode 14.0";
			developmentRegion = en;
			hasScannedForEncodings = 0;
			knownRegions = (
				en,
				Base,
			);
			mainGroup = B313EEA62B5C4C93002AE8CE;
			productRefGroup = B313EEB02B5C4C93002AE8CE /* Products */;
			projectDirPath = "";
			projectRoot = "";
			targets = (
				B313EEAE2B5C4C93002AE8CE /* HabitMePrototype */,
				B3621E6F2BDDE3E500BE88C2 /* HabitMePrototypeTests */,
				B3621E4E2BDDE0F900BE88C2 /* HabitRepositoryFW */,
				B3621E552BDDE0F900BE88C2 /* HabitRepositoryFWTests */,
			);
		};
/* End PBXProject section */

/* Begin PBXResourcesBuildPhase section */
		B313EEAD2B5C4C93002AE8CE /* Resources */ = {
			isa = PBXResourcesBuildPhase;
			buildActionMask = 2147483647;
			files = (
				B313EEBA2B5C4C99002AE8CE /* Preview Assets.xcassets in Resources */,
				B313EEB72B5C4C99002AE8CE /* Assets.xcassets in Resources */,
				B3C9E5442B6BD9FE00153158 /* ActivityDetailSeedData.json in Resources */,
			);
			runOnlyForDeploymentPostprocessing = 0;
		};
		B3621E4D2BDDE0F900BE88C2 /* Resources */ = {
			isa = PBXResourcesBuildPhase;
			buildActionMask = 2147483647;
			files = (
			);
			runOnlyForDeploymentPostprocessing = 0;
		};
		B3621E542BDDE0F900BE88C2 /* Resources */ = {
			isa = PBXResourcesBuildPhase;
			buildActionMask = 2147483647;
			files = (
			);
			runOnlyForDeploymentPostprocessing = 0;
		};
		B3621E6E2BDDE3E500BE88C2 /* Resources */ = {
			isa = PBXResourcesBuildPhase;
			buildActionMask = 2147483647;
			files = (
			);
			runOnlyForDeploymentPostprocessing = 0;
		};
/* End PBXResourcesBuildPhase section */

/* Begin PBXSourcesBuildPhase section */
		B313EEAB2B5C4C93002AE8CE /* Sources */ = {
			isa = PBXSourcesBuildPhase;
			buildActionMask = 2147483647;
			files = (
				B3C97F262B5CE95000211B4C /* BJBarChart.swift in Sources */,
				B3C9E5182B698C7D00153158 /* ModelContext+DeleteHabit.swift in Sources */,
				B3C9E5222B6B1AB400153158 /* ContentView+AddDetailSelectionComposition.swift in Sources */,
				B3B403892B7132F000D1967E /* ActivityDetailRecord.swift in Sources */,
				B3C9E51A2B698CAC00153158 /* ModelContext+Info.swift in Sources */,
				B32947A82B61E0E1007C8C1E /* DayView.swift in Sources */,
				B3C97F2A2B5CE99200211B4C /* HomeView.swift in Sources */,
				B3BFEA0C2B76672500DE7617 /* BJAsset.swift in Sources */,
				B32947A42B601CD3007C8C1E /* HabitDetailView.swift in Sources */,
				B3BFEA162B781A1A00DE7617 /* String+Constants.swift in Sources */,
				B3BFEA1A2B791F8800DE7617 /* CreateActivityDetailView.swift in Sources */,
				B347DE342B7D8C1A00F2FA74 /* TextFieldRow.swift in Sources */,
				B347DE7D2B83DFC100F2FA74 /* CreateEditActivityCompletionGoalContent.swift in Sources */,
				B3BFEA112B76806100DE7617 /* Color+Constants.swift in Sources */,
				B32947BF2B634B11007C8C1E /* ContentView+HabitRecordDetailComposition.swift in Sources */,
				B3B2F3092BDFCC9000240EB0 /* ActivityDetailType+UI.swift in Sources */,
				B3B4038C2B7133F100D1967E /* ActivityRecordCreator.swift in Sources */,
				B3C97F282B5CE97500211B4C /* HabitsMenu.swift in Sources */,
				B32947CA2B65BFDB007C8C1E /* ContentView+StatisticsComposition.swift in Sources */,
				B3BFEA082B765C5500DE7617 /* CGFloat+Constants.swift in Sources */,
				B3C9E5472B6BDC9900153158 /* DataActivityDetail.swift in Sources */,
				B3BFE9E72B75268B00DE7617 /* LineChartActivityDetailData.swift in Sources */,
				B37AC77B2BAF53760052552B /* Habit.swift in Sources */,
				B3C97F2C2B5CE9CB00211B4C /* CreateHabitView.swift in Sources */,
				B32947A22B5FFD36007C8C1E /* UIColor+Hex.swift in Sources */,
				B32947BB2B6346D5007C8C1E /* ContentView+CreateHabitComposition.swift in Sources */,
				B347DE3D2B7E747200F2FA74 /* DecimalNumberPolicy.swift in Sources */,
				B32947BD2B63473D007C8C1E /* ContentView+HabitDetailComposition.swift in Sources */,
				B3BFEA142B77FF6B00DE7617 /* DisplayDatePolicy.swift in Sources */,
				B3C9E54C2B6EC0A600153158 /* View+TextFieldStyle.swift in Sources */,
				B347DE6D2B7FF50800F2FA74 /* View+HeightChangePreference.swift in Sources */,
				B32947B62B633FA6007C8C1E /* ContentView+HomeComposition.swift in Sources */,
				B313EEB52B5C4C93002AE8CE /* ContentView.swift in Sources */,
				B313EEB32B5C4C93002AE8CE /* HabitMePrototypeApp.swift in Sources */,
				B32947AC2B62AD2E007C8C1E /* HabitRecordDetailView.swift in Sources */,
				B3C9E5632B6F25EB00153158 /* View+toolbar.swift in Sources */,
				B3C9E5492B6E982E00153158 /* CreateHabitRecordWithDetailsView.swift in Sources */,
				B32947B12B633DEB007C8C1E /* NavigationFlow.swift in Sources */,
				B347DE6B2B7FF4EE00F2FA74 /* SizeKey.swift in Sources */,
				B37AC7762BA086E50052552B /* HomeViewModel.swift in Sources */,
				B3BFE9E52B7520DB00DE7617 /* ActivityDetailLineMarkChart.swift in Sources */,
				B3B403872B7128A100D1967E /* ActivityRecordCreationPolicy.swift in Sources */,
				B3BFEA0F2B76769900DE7617 /* NumberTextField.swift in Sources */,
				B3BFEA1E2B7BBF1400DE7617 /* ModelContext+CreateActivityDetail.swift in Sources */,
				B32947C82B65950D007C8C1E /* StatisticsView.swift in Sources */,
				B32947AA2B61E848007C8C1E /* DateFormatter+Reusable.swift in Sources */,
				B3CC60AD2B5EA94A0074ED41 /* DataHabit.swift in Sources */,
				B32947C42B64040B007C8C1E /* EditHabitView.swift in Sources */,
				B3B2F3072BDFCC2100240EB0 /* Habit+UI.swift in Sources */,
				B3BFEA1C2B7A632000DE7617 /* ContentView+CreateActivityDetailComposition.swift in Sources */,
				B3B2F3052BDFCB7F00240EB0 /* ActivityDetailCalculationType+UI.swift in Sources */,
				B32947A62B606713007C8C1E /* SwiftDataHabitRepository.swift in Sources */,
				B347DE712B81305700F2FA74 /* View+RecordSheetPresentation.swift in Sources */,
				B3C9E54E2B6EC5C900153158 /* View+SectionBackground.swift in Sources */,
				B3C9E5502B6F16F100153158 /* View+Font.swift in Sources */,
				B37AC76E2BA082E00052552B /* Date+GraphDisplayDate.swift in Sources */,
				B32947B42B633E3F007C8C1E /* HomeNavigationFlow.swift in Sources */,
				B3C9E5202B6B1A0800153158 /* AddDetailSelectionView.swift in Sources */,
				B32947B02B633DEB007C8C1E /* View+FlowNavigationDestination.swift in Sources */,
				B32947C62B640431007C8C1E /* ContentView+EditHabitComposition.swift in Sources */,
				B347DE3B2B7DA69C00F2FA74 /* BJRepositoryError.swift in Sources */,
				B3BFEA182B7838B400DE7617 /* ActivityDetailSummaryRow.swift in Sources */,
				B3BFEA0A2B76635000DE7617 /* ActivityRecordRow.swift in Sources */,
				B3B403842B702AEA00D1967E /* ContentView+CreateActivityRecordWithDetailsComposition.swift in Sources */,
			);
			runOnlyForDeploymentPostprocessing = 0;
		};
		B3621E4B2BDDE0F900BE88C2 /* Sources */ = {
			isa = PBXSourcesBuildPhase;
			buildActionMask = 2147483647;
			files = (
				B3B2F3152BE02A8C00240EB0 /* HaloRepositoryError.swift in Sources */,
				B3B2F30D2BE005E600240EB0 /* BlockHabit.xcdatamodeld in Sources */,
				B3B2F3132BE005F300240EB0 /* ManagedActivityDetail+CoreDataProperties.swift in Sources */,
				B3B2F3032BDFCAE500240EB0 /* ActivityDetailType.swift in Sources */,
				B3B2F2F82BDFC9D800240EB0 /* Habit.swift in Sources */,
				B3B2F2FD2BDFCA3700240EB0 /* IsCompletedHabit.swift in Sources */,
				B3B2F30F2BE005F300240EB0 /* HabitRecordsForDateByHabitFRCDataSourceAdapter.swift in Sources */,
				B3B2F2FF2BDFCA4E00240EB0 /* HabitRecord.swift in Sources */,
				B3B2F31B2BE2850000240EB0 /* HabitMenuDataSource.swift in Sources */,
				B3B2F3122BE005F300240EB0 /* ManagedActivityDetailRecord+CoreDataProperties.swift in Sources */,
				B3B2F3182BE02AD500240EB0 /* CoreDataBlockHabitStore+Habit.swift in Sources */,
				B3B2F31E2BE2864E00240EB0 /* ManagedHabit+FetchRequest.swift in Sources */,
				B3B2F3102BE005F300240EB0 /* ManagedHabitRecord+CoreDataProperties.swift in Sources */,
				B3B2F3162BE02AA700240EB0 /* CoreDataBlockHabitStore.swift in Sources */,
				B3B2F2FA2BDFC9EC00240EB0 /* ActivityDetail.swift in Sources */,
				B3B2F30E2BE005F300240EB0 /* HabitFRCDataSourceAdapter.swift in Sources */,
				B3B2F3172BE02AD500240EB0 /* CoreDataBlockHabitStore+HabitRecord.swift in Sources */,
				B3B2F2FB2BDFCA0700240EB0 /* ActivityDetailSortable.swift in Sources */,
				B3B2F30C2BE005DA00240EB0 /* ManagedHabit.swift in Sources */,
				B3B2F3112BE005F300240EB0 /* CoreDataBlockHabitStore+habitDataSource.swift in Sources */,
				B3B2F3012BDFCA9700240EB0 /* ActivityDetailRecord.swift in Sources */,
				B3B2F3142BE005F300240EB0 /* HabitRecordsForDateFRCDataSourceAdapter.swift in Sources */,
				B3B2F3022BDFCAE500240EB0 /* ActivityDetailCalculationType.swift in Sources */,
			);
			runOnlyForDeploymentPostprocessing = 0;
		};
		B3621E522BDDE0F900BE88C2 /* Sources */ = {
			isa = PBXSourcesBuildPhase;
			buildActionMask = 2147483647;
			files = (
				B3B2F2F52BDFC84000240EB0 /* HabitMenuDataSourceTests.swift in Sources */,
				B3621E5E2BDDE0F900BE88C2 /* HabitRepositoryFWTests.swift in Sources */,
			);
			runOnlyForDeploymentPostprocessing = 0;
		};
		B3621E6C2BDDE3E500BE88C2 /* Sources */ = {
			isa = PBXSourcesBuildPhase;
			buildActionMask = 2147483647;
			files = (
				B3621E732BDDE3E500BE88C2 /* HabitMePrototypeTests.swift in Sources */,
			);
			runOnlyForDeploymentPostprocessing = 0;
		};
/* End PBXSourcesBuildPhase section */

/* Begin PBXTargetDependency section */
		B3621E592BDDE0F900BE88C2 /* PBXTargetDependency */ = {
			isa = PBXTargetDependency;
			target = B3621E4E2BDDE0F900BE88C2 /* HabitRepositoryFW */;
			targetProxy = B3621E582BDDE0F900BE88C2 /* PBXContainerItemProxy */;
		};
		B3621E5B2BDDE0F900BE88C2 /* PBXTargetDependency */ = {
			isa = PBXTargetDependency;
			target = B313EEAE2B5C4C93002AE8CE /* HabitMePrototype */;
			targetProxy = B3621E5A2BDDE0F900BE88C2 /* PBXContainerItemProxy */;
		};
		B3621E612BDDE0F900BE88C2 /* PBXTargetDependency */ = {
			isa = PBXTargetDependency;
			target = B3621E4E2BDDE0F900BE88C2 /* HabitRepositoryFW */;
			targetProxy = B3621E602BDDE0F900BE88C2 /* PBXContainerItemProxy */;
		};
		B3621E752BDDE3E500BE88C2 /* PBXTargetDependency */ = {
			isa = PBXTargetDependency;
			target = B313EEAE2B5C4C93002AE8CE /* HabitMePrototype */;
			targetProxy = B3621E742BDDE3E500BE88C2 /* PBXContainerItemProxy */;
		};
/* End PBXTargetDependency section */

/* Begin XCBuildConfiguration section */
		B313EEBB2B5C4C99002AE8CE /* Debug */ = {
			isa = XCBuildConfiguration;
			buildSettings = {
				ALWAYS_SEARCH_USER_PATHS = NO;
				ASSETCATALOG_COMPILER_GENERATE_SWIFT_ASSET_SYMBOL_EXTENSIONS = YES;
				CLANG_ANALYZER_NONNULL = YES;
				CLANG_ANALYZER_NUMBER_OBJECT_CONVERSION = YES_AGGRESSIVE;
				CLANG_CXX_LANGUAGE_STANDARD = "gnu++20";
				CLANG_ENABLE_MODULES = YES;
				CLANG_ENABLE_OBJC_ARC = YES;
				CLANG_ENABLE_OBJC_WEAK = YES;
				CLANG_WARN_BLOCK_CAPTURE_AUTORELEASING = YES;
				CLANG_WARN_BOOL_CONVERSION = YES;
				CLANG_WARN_COMMA = YES;
				CLANG_WARN_CONSTANT_CONVERSION = YES;
				CLANG_WARN_DEPRECATED_OBJC_IMPLEMENTATIONS = YES;
				CLANG_WARN_DIRECT_OBJC_ISA_USAGE = YES_ERROR;
				CLANG_WARN_DOCUMENTATION_COMMENTS = YES;
				CLANG_WARN_EMPTY_BODY = YES;
				CLANG_WARN_ENUM_CONVERSION = YES;
				CLANG_WARN_INFINITE_RECURSION = YES;
				CLANG_WARN_INT_CONVERSION = YES;
				CLANG_WARN_NON_LITERAL_NULL_CONVERSION = YES;
				CLANG_WARN_OBJC_IMPLICIT_RETAIN_SELF = YES;
				CLANG_WARN_OBJC_LITERAL_CONVERSION = YES;
				CLANG_WARN_OBJC_ROOT_CLASS = YES_ERROR;
				CLANG_WARN_QUOTED_INCLUDE_IN_FRAMEWORK_HEADER = YES;
				CLANG_WARN_RANGE_LOOP_ANALYSIS = YES;
				CLANG_WARN_STRICT_PROTOTYPES = YES;
				CLANG_WARN_SUSPICIOUS_MOVE = YES;
				CLANG_WARN_UNGUARDED_AVAILABILITY = YES_AGGRESSIVE;
				CLANG_WARN_UNREACHABLE_CODE = YES;
				CLANG_WARN__DUPLICATE_METHOD_MATCH = YES;
				COPY_PHASE_STRIP = NO;
				DEBUG_INFORMATION_FORMAT = dwarf;
				ENABLE_STRICT_OBJC_MSGSEND = YES;
				ENABLE_TESTABILITY = YES;
				ENABLE_USER_SCRIPT_SANDBOXING = YES;
				GCC_C_LANGUAGE_STANDARD = gnu17;
				GCC_DYNAMIC_NO_PIC = NO;
				GCC_NO_COMMON_BLOCKS = YES;
				GCC_OPTIMIZATION_LEVEL = 0;
				GCC_PREPROCESSOR_DEFINITIONS = (
					"DEBUG=1",
					"$(inherited)",
				);
				GCC_WARN_64_TO_32_BIT_CONVERSION = YES;
				GCC_WARN_ABOUT_RETURN_TYPE = YES_ERROR;
				GCC_WARN_UNDECLARED_SELECTOR = YES;
				GCC_WARN_UNINITIALIZED_AUTOS = YES_AGGRESSIVE;
				GCC_WARN_UNUSED_FUNCTION = YES;
				GCC_WARN_UNUSED_VARIABLE = YES;
				IPHONEOS_DEPLOYMENT_TARGET = 17.2;
				LOCALIZATION_PREFERS_STRING_CATALOGS = YES;
				MTL_ENABLE_DEBUG_INFO = INCLUDE_SOURCE;
				MTL_FAST_MATH = YES;
				ONLY_ACTIVE_ARCH = YES;
				SDKROOT = iphoneos;
				SWIFT_ACTIVE_COMPILATION_CONDITIONS = "DEBUG $(inherited)";
				SWIFT_OPTIMIZATION_LEVEL = "-Onone";
			};
			name = Debug;
		};
		B313EEBC2B5C4C99002AE8CE /* Release */ = {
			isa = XCBuildConfiguration;
			buildSettings = {
				ALWAYS_SEARCH_USER_PATHS = NO;
				ASSETCATALOG_COMPILER_GENERATE_SWIFT_ASSET_SYMBOL_EXTENSIONS = YES;
				CLANG_ANALYZER_NONNULL = YES;
				CLANG_ANALYZER_NUMBER_OBJECT_CONVERSION = YES_AGGRESSIVE;
				CLANG_CXX_LANGUAGE_STANDARD = "gnu++20";
				CLANG_ENABLE_MODULES = YES;
				CLANG_ENABLE_OBJC_ARC = YES;
				CLANG_ENABLE_OBJC_WEAK = YES;
				CLANG_WARN_BLOCK_CAPTURE_AUTORELEASING = YES;
				CLANG_WARN_BOOL_CONVERSION = YES;
				CLANG_WARN_COMMA = YES;
				CLANG_WARN_CONSTANT_CONVERSION = YES;
				CLANG_WARN_DEPRECATED_OBJC_IMPLEMENTATIONS = YES;
				CLANG_WARN_DIRECT_OBJC_ISA_USAGE = YES_ERROR;
				CLANG_WARN_DOCUMENTATION_COMMENTS = YES;
				CLANG_WARN_EMPTY_BODY = YES;
				CLANG_WARN_ENUM_CONVERSION = YES;
				CLANG_WARN_INFINITE_RECURSION = YES;
				CLANG_WARN_INT_CONVERSION = YES;
				CLANG_WARN_NON_LITERAL_NULL_CONVERSION = YES;
				CLANG_WARN_OBJC_IMPLICIT_RETAIN_SELF = YES;
				CLANG_WARN_OBJC_LITERAL_CONVERSION = YES;
				CLANG_WARN_OBJC_ROOT_CLASS = YES_ERROR;
				CLANG_WARN_QUOTED_INCLUDE_IN_FRAMEWORK_HEADER = YES;
				CLANG_WARN_RANGE_LOOP_ANALYSIS = YES;
				CLANG_WARN_STRICT_PROTOTYPES = YES;
				CLANG_WARN_SUSPICIOUS_MOVE = YES;
				CLANG_WARN_UNGUARDED_AVAILABILITY = YES_AGGRESSIVE;
				CLANG_WARN_UNREACHABLE_CODE = YES;
				CLANG_WARN__DUPLICATE_METHOD_MATCH = YES;
				COPY_PHASE_STRIP = NO;
				DEBUG_INFORMATION_FORMAT = "dwarf-with-dsym";
				ENABLE_NS_ASSERTIONS = NO;
				ENABLE_STRICT_OBJC_MSGSEND = YES;
				ENABLE_USER_SCRIPT_SANDBOXING = YES;
				GCC_C_LANGUAGE_STANDARD = gnu17;
				GCC_NO_COMMON_BLOCKS = YES;
				GCC_WARN_64_TO_32_BIT_CONVERSION = YES;
				GCC_WARN_ABOUT_RETURN_TYPE = YES_ERROR;
				GCC_WARN_UNDECLARED_SELECTOR = YES;
				GCC_WARN_UNINITIALIZED_AUTOS = YES_AGGRESSIVE;
				GCC_WARN_UNUSED_FUNCTION = YES;
				GCC_WARN_UNUSED_VARIABLE = YES;
				IPHONEOS_DEPLOYMENT_TARGET = 17.2;
				LOCALIZATION_PREFERS_STRING_CATALOGS = YES;
				MTL_ENABLE_DEBUG_INFO = NO;
				MTL_FAST_MATH = YES;
				SDKROOT = iphoneos;
				SWIFT_COMPILATION_MODE = wholemodule;
				VALIDATE_PRODUCT = YES;
			};
			name = Release;
		};
		B313EEBE2B5C4C99002AE8CE /* Debug */ = {
			isa = XCBuildConfiguration;
			buildSettings = {
				ALWAYS_EMBED_SWIFT_STANDARD_LIBRARIES = YES;
				ASSETCATALOG_COMPILER_APPICON_NAME = AppIcon;
				ASSETCATALOG_COMPILER_GLOBAL_ACCENT_COLOR_NAME = AccentColor;
				CODE_SIGN_STYLE = Automatic;
				CURRENT_PROJECT_VERSION = 1;
				DEVELOPMENT_ASSET_PATHS = "\"HabitMePrototype/Preview Content\"";
				DEVELOPMENT_TEAM = RXL7292WR8;
				ENABLE_PREVIEWS = YES;
				GENERATE_INFOPLIST_FILE = YES;
				INFOPLIST_KEY_CFBundleDisplayName = "Block Journal";
				INFOPLIST_KEY_LSApplicationCategoryType = "public.app-category.productivity";
				INFOPLIST_KEY_UIApplicationSceneManifest_Generation = YES;
				INFOPLIST_KEY_UIApplicationSupportsIndirectInputEvents = YES;
				INFOPLIST_KEY_UILaunchScreen_Generation = YES;
				INFOPLIST_KEY_UISupportedInterfaceOrientations_iPad = "UIInterfaceOrientationPortrait UIInterfaceOrientationPortraitUpsideDown UIInterfaceOrientationLandscapeLeft UIInterfaceOrientationLandscapeRight";
				INFOPLIST_KEY_UISupportedInterfaceOrientations_iPhone = "UIInterfaceOrientationPortrait UIInterfaceOrientationLandscapeLeft UIInterfaceOrientationLandscapeRight";
				IPHONEOS_DEPLOYMENT_TARGET = 17.0;
				LD_RUNPATH_SEARCH_PATHS = (
					"$(inherited)",
					"@executable_path/Frameworks",
				);
				MARKETING_VERSION = 1.0.1;
				PRODUCT_BUNDLE_IDENTIFIER = com.boycees.HabitMePrototype;
				PRODUCT_NAME = "$(TARGET_NAME)";
				SWIFT_EMIT_LOC_STRINGS = YES;
				SWIFT_VERSION = 5.0;
				TARGETED_DEVICE_FAMILY = "1,2";
			};
			name = Debug;
		};
		B313EEBF2B5C4C99002AE8CE /* Release */ = {
			isa = XCBuildConfiguration;
			buildSettings = {
				ALWAYS_EMBED_SWIFT_STANDARD_LIBRARIES = YES;
				ASSETCATALOG_COMPILER_APPICON_NAME = AppIcon;
				ASSETCATALOG_COMPILER_GLOBAL_ACCENT_COLOR_NAME = AccentColor;
				CODE_SIGN_STYLE = Automatic;
				CURRENT_PROJECT_VERSION = 1;
				DEVELOPMENT_ASSET_PATHS = "\"HabitMePrototype/Preview Content\"";
				DEVELOPMENT_TEAM = RXL7292WR8;
				ENABLE_PREVIEWS = YES;
				GENERATE_INFOPLIST_FILE = YES;
				INFOPLIST_KEY_CFBundleDisplayName = "Block Journal";
				INFOPLIST_KEY_LSApplicationCategoryType = "public.app-category.productivity";
				INFOPLIST_KEY_UIApplicationSceneManifest_Generation = YES;
				INFOPLIST_KEY_UIApplicationSupportsIndirectInputEvents = YES;
				INFOPLIST_KEY_UILaunchScreen_Generation = YES;
				INFOPLIST_KEY_UISupportedInterfaceOrientations_iPad = "UIInterfaceOrientationPortrait UIInterfaceOrientationPortraitUpsideDown UIInterfaceOrientationLandscapeLeft UIInterfaceOrientationLandscapeRight";
				INFOPLIST_KEY_UISupportedInterfaceOrientations_iPhone = "UIInterfaceOrientationPortrait UIInterfaceOrientationLandscapeLeft UIInterfaceOrientationLandscapeRight";
				IPHONEOS_DEPLOYMENT_TARGET = 17.0;
				LD_RUNPATH_SEARCH_PATHS = (
					"$(inherited)",
					"@executable_path/Frameworks",
				);
				MARKETING_VERSION = 1.0.1;
				PRODUCT_BUNDLE_IDENTIFIER = com.boycees.HabitMePrototype;
				PRODUCT_NAME = "$(TARGET_NAME)";
				SWIFT_EMIT_LOC_STRINGS = YES;
				SWIFT_VERSION = 5.0;
				TARGETED_DEVICE_FAMILY = "1,2";
			};
			name = Release;
		};
		B3621E652BDDE0F900BE88C2 /* Debug */ = {
			isa = XCBuildConfiguration;
			buildSettings = {
				CLANG_ENABLE_MODULES = YES;
				CODE_SIGN_STYLE = Automatic;
				CURRENT_PROJECT_VERSION = 1;
				DEFINES_MODULE = YES;
				DEVELOPMENT_TEAM = RXL7292WR8;
				DYLIB_COMPATIBILITY_VERSION = 1;
				DYLIB_CURRENT_VERSION = 1;
				DYLIB_INSTALL_NAME_BASE = "@rpath";
				ENABLE_MODULE_VERIFIER = YES;
				FRAMEWORK_SEARCH_PATHS = "";
				GENERATE_INFOPLIST_FILE = YES;
				INFOPLIST_KEY_NSHumanReadableCopyright = "";
				INSTALL_PATH = "$(LOCAL_LIBRARY_DIR)/Frameworks";
				IPHONEOS_DEPLOYMENT_TARGET = 17.0;
				LD_RUNPATH_SEARCH_PATHS = (
					"$(inherited)",
					"@executable_path/Frameworks",
					"@loader_path/Frameworks",
				);
				MARKETING_VERSION = 1.0;
				MODULE_VERIFIER_SUPPORTED_LANGUAGES = "objective-c objective-c++";
				MODULE_VERIFIER_SUPPORTED_LANGUAGE_STANDARDS = "gnu17 gnu++20";
				PRODUCT_BUNDLE_IDENTIFIER = com.boycees.HabitRepositoryFW;
				PRODUCT_NAME = "$(TARGET_NAME:c99extidentifier)";
				SDKROOT = macosx;
				SKIP_INSTALL = YES;
				SUPPORTED_PLATFORMS = "iphoneos iphonesimulator macosx";
				SUPPORTS_MACCATALYST = NO;
				SUPPORTS_MAC_DESIGNED_FOR_IPHONE_IPAD = NO;
				SUPPORTS_XR_DESIGNED_FOR_IPHONE_IPAD = NO;
				SWIFT_EMIT_LOC_STRINGS = YES;
				SWIFT_OPTIMIZATION_LEVEL = "-Onone";
				SWIFT_VERSION = 5.0;
				TARGETED_DEVICE_FAMILY = "1,2";
				VERSIONING_SYSTEM = "apple-generic";
				VERSION_INFO_PREFIX = "";
			};
			name = Debug;
		};
		B3621E662BDDE0F900BE88C2 /* Release */ = {
			isa = XCBuildConfiguration;
			buildSettings = {
				CLANG_ENABLE_MODULES = YES;
				CODE_SIGN_STYLE = Automatic;
				CURRENT_PROJECT_VERSION = 1;
				DEFINES_MODULE = YES;
				DEVELOPMENT_TEAM = RXL7292WR8;
				DYLIB_COMPATIBILITY_VERSION = 1;
				DYLIB_CURRENT_VERSION = 1;
				DYLIB_INSTALL_NAME_BASE = "@rpath";
				ENABLE_MODULE_VERIFIER = YES;
				FRAMEWORK_SEARCH_PATHS = "";
				GENERATE_INFOPLIST_FILE = YES;
				INFOPLIST_KEY_NSHumanReadableCopyright = "";
				INSTALL_PATH = "$(LOCAL_LIBRARY_DIR)/Frameworks";
				IPHONEOS_DEPLOYMENT_TARGET = 17.0;
				LD_RUNPATH_SEARCH_PATHS = (
					"$(inherited)",
					"@executable_path/Frameworks",
					"@loader_path/Frameworks",
				);
				MARKETING_VERSION = 1.0;
				MODULE_VERIFIER_SUPPORTED_LANGUAGES = "objective-c objective-c++";
				MODULE_VERIFIER_SUPPORTED_LANGUAGE_STANDARDS = "gnu17 gnu++20";
				PRODUCT_BUNDLE_IDENTIFIER = com.boycees.HabitRepositoryFW;
				PRODUCT_NAME = "$(TARGET_NAME:c99extidentifier)";
				SDKROOT = macosx;
				SKIP_INSTALL = YES;
				SUPPORTED_PLATFORMS = "iphoneos iphonesimulator macosx";
				SUPPORTS_MACCATALYST = NO;
				SUPPORTS_MAC_DESIGNED_FOR_IPHONE_IPAD = NO;
				SUPPORTS_XR_DESIGNED_FOR_IPHONE_IPAD = NO;
				SWIFT_EMIT_LOC_STRINGS = YES;
				SWIFT_VERSION = 5.0;
				TARGETED_DEVICE_FAMILY = "1,2";
				VERSIONING_SYSTEM = "apple-generic";
				VERSION_INFO_PREFIX = "";
			};
			name = Release;
		};
		B3621E672BDDE0F900BE88C2 /* Debug */ = {
			isa = XCBuildConfiguration;
			buildSettings = {
				ALWAYS_EMBED_SWIFT_STANDARD_LIBRARIES = YES;
				CODE_SIGN_STYLE = Automatic;
				CURRENT_PROJECT_VERSION = 1;
				DEVELOPMENT_TEAM = RXL7292WR8;
				GENERATE_INFOPLIST_FILE = YES;
				MARKETING_VERSION = 1.0;
				PRODUCT_BUNDLE_IDENTIFIER = com.boycees.HabitRepositoryFWTests;
				PRODUCT_NAME = "$(TARGET_NAME)";
				SDKROOT = macosx;
				SUPPORTED_PLATFORMS = "macosx iphonesimulator iphoneos";
				SUPPORTS_MACCATALYST = NO;
				SUPPORTS_MAC_DESIGNED_FOR_IPHONE_IPAD = NO;
				SUPPORTS_XR_DESIGNED_FOR_IPHONE_IPAD = NO;
				SWIFT_EMIT_LOC_STRINGS = NO;
				SWIFT_VERSION = 5.0;
			};
			name = Debug;
		};
		B3621E682BDDE0F900BE88C2 /* Release */ = {
			isa = XCBuildConfiguration;
			buildSettings = {
				ALWAYS_EMBED_SWIFT_STANDARD_LIBRARIES = YES;
				CODE_SIGN_STYLE = Automatic;
				CURRENT_PROJECT_VERSION = 1;
				DEVELOPMENT_TEAM = RXL7292WR8;
				GENERATE_INFOPLIST_FILE = YES;
				MARKETING_VERSION = 1.0;
				PRODUCT_BUNDLE_IDENTIFIER = com.boycees.HabitRepositoryFWTests;
				PRODUCT_NAME = "$(TARGET_NAME)";
				SDKROOT = macosx;
				SUPPORTED_PLATFORMS = "macosx iphonesimulator iphoneos";
				SUPPORTS_MACCATALYST = NO;
				SUPPORTS_MAC_DESIGNED_FOR_IPHONE_IPAD = NO;
				SUPPORTS_XR_DESIGNED_FOR_IPHONE_IPAD = NO;
				SWIFT_EMIT_LOC_STRINGS = NO;
				SWIFT_VERSION = 5.0;
			};
			name = Release;
		};
		B3621E772BDDE3E600BE88C2 /* Debug */ = {
			isa = XCBuildConfiguration;
			buildSettings = {
				BUNDLE_LOADER = "$(TEST_HOST)";
				CODE_SIGN_STYLE = Automatic;
				CURRENT_PROJECT_VERSION = 1;
				DEVELOPMENT_TEAM = RXL7292WR8;
				GENERATE_INFOPLIST_FILE = YES;
				MARKETING_VERSION = 1.0;
				PRODUCT_BUNDLE_IDENTIFIER = com.boycees.HabitMePrototypeTests;
				PRODUCT_NAME = "$(TARGET_NAME)";
				SWIFT_EMIT_LOC_STRINGS = NO;
				SWIFT_VERSION = 5.0;
				TARGETED_DEVICE_FAMILY = "1,2";
				TEST_HOST = "$(BUILT_PRODUCTS_DIR)/HabitMePrototype.app/$(BUNDLE_EXECUTABLE_FOLDER_PATH)/HabitMePrototype";
			};
			name = Debug;
		};
		B3621E782BDDE3E600BE88C2 /* Release */ = {
			isa = XCBuildConfiguration;
			buildSettings = {
				BUNDLE_LOADER = "$(TEST_HOST)";
				CODE_SIGN_STYLE = Automatic;
				CURRENT_PROJECT_VERSION = 1;
				DEVELOPMENT_TEAM = RXL7292WR8;
				GENERATE_INFOPLIST_FILE = YES;
				MARKETING_VERSION = 1.0;
				PRODUCT_BUNDLE_IDENTIFIER = com.boycees.HabitMePrototypeTests;
				PRODUCT_NAME = "$(TARGET_NAME)";
				SWIFT_EMIT_LOC_STRINGS = NO;
				SWIFT_VERSION = 5.0;
				TARGETED_DEVICE_FAMILY = "1,2";
				TEST_HOST = "$(BUILT_PRODUCTS_DIR)/HabitMePrototype.app/$(BUNDLE_EXECUTABLE_FOLDER_PATH)/HabitMePrototype";
			};
			name = Release;
		};
/* End XCBuildConfiguration section */

/* Begin XCConfigurationList section */
		B313EEAA2B5C4C93002AE8CE /* Build configuration list for PBXProject "HabitMePrototype" */ = {
			isa = XCConfigurationList;
			buildConfigurations = (
				B313EEBB2B5C4C99002AE8CE /* Debug */,
				B313EEBC2B5C4C99002AE8CE /* Release */,
			);
			defaultConfigurationIsVisible = 0;
			defaultConfigurationName = Release;
		};
		B313EEBD2B5C4C99002AE8CE /* Build configuration list for PBXNativeTarget "HabitMePrototype" */ = {
			isa = XCConfigurationList;
			buildConfigurations = (
				B313EEBE2B5C4C99002AE8CE /* Debug */,
				B313EEBF2B5C4C99002AE8CE /* Release */,
			);
			defaultConfigurationIsVisible = 0;
			defaultConfigurationName = Release;
		};
		B3621E692BDDE0F900BE88C2 /* Build configuration list for PBXNativeTarget "HabitRepositoryFW" */ = {
			isa = XCConfigurationList;
			buildConfigurations = (
				B3621E652BDDE0F900BE88C2 /* Debug */,
				B3621E662BDDE0F900BE88C2 /* Release */,
			);
			defaultConfigurationIsVisible = 0;
			defaultConfigurationName = Release;
		};
		B3621E6A2BDDE0F900BE88C2 /* Build configuration list for PBXNativeTarget "HabitRepositoryFWTests" */ = {
			isa = XCConfigurationList;
			buildConfigurations = (
				B3621E672BDDE0F900BE88C2 /* Debug */,
				B3621E682BDDE0F900BE88C2 /* Release */,
			);
			defaultConfigurationIsVisible = 0;
			defaultConfigurationName = Release;
		};
		B3621E762BDDE3E600BE88C2 /* Build configuration list for PBXNativeTarget "HabitMePrototypeTests" */ = {
			isa = XCConfigurationList;
			buildConfigurations = (
				B3621E772BDDE3E600BE88C2 /* Debug */,
				B3621E782BDDE3E600BE88C2 /* Release */,
			);
			defaultConfigurationIsVisible = 0;
			defaultConfigurationName = Release;
		};
/* End XCConfigurationList section */

/* Begin XCVersionGroup section */
		B37074202B9E0368006FCC4E /* BlockHabit.xcdatamodeld */ = {
			isa = XCVersionGroup;
			children = (
				B37074212B9E0368006FCC4E /* BlockJournalCoreDataDemo.xcdatamodel */,
			);
			currentVersion = B37074212B9E0368006FCC4E /* BlockJournalCoreDataDemo.xcdatamodel */;
			path = BlockHabit.xcdatamodeld;
			sourceTree = "<group>";
			versionGroupType = wrapper.xcdatamodel;
		};
/* End XCVersionGroup section */
	};
	rootObject = B313EEA72B5C4C93002AE8CE /* Project object */;
}
